// !$*UTF8*$!
{
	archiveVersion = 1;
	classes = {
	};
	objectVersion = 55;
	objects = {

/* Begin PBXBuildFile section */
		E91A51C7272EB21F006062D6 /* BaseEntity.swift in Sources */ = {isa = PBXBuildFile; fileRef = E91A51C6272EB21F006062D6 /* BaseEntity.swift */; };
		E91A51C9272EB31F006062D6 /* Credits.rtf in Resources */ = {isa = PBXBuildFile; fileRef = E91A51C8272EB31F006062D6 /* Credits.rtf */; };
		E91A51D0272EB37E006062D6 /* Model.swift in Sources */ = {isa = PBXBuildFile; fileRef = E91A51CF272EB37E006062D6 /* Model.swift */; };
		E91A51D2272EB42D006062D6 /* Species.swift in Sources */ = {isa = PBXBuildFile; fileRef = E91A51D1272EB42D006062D6 /* Species.swift */; };
		E91A51D5272EB517006062D6 /* SpeciesListView.swift in Sources */ = {isa = PBXBuildFile; fileRef = E91A51D4272EB517006062D6 /* SpeciesListView.swift */; };
		E91A51D7272EB616006062D6 /* SpeciesRowView.swift in Sources */ = {isa = PBXBuildFile; fileRef = E91A51D6272EB616006062D6 /* SpeciesRowView.swift */; };
		E91A51DF272F545C006062D6 /* Alert.swift in Sources */ = {isa = PBXBuildFile; fileRef = E91A51DE272F545C006062D6 /* Alert.swift */; };
		E91A51E1272F5AAB006062D6 /* AlertContentView.swift in Sources */ = {isa = PBXBuildFile; fileRef = E91A51E0272F5AAB006062D6 /* AlertContentView.swift */; };
		E9482DDD27300D5900777327 /* LocalizedStringKey+ToString.swift in Sources */ = {isa = PBXBuildFile; fileRef = E9482DDC27300D5900777327 /* LocalizedStringKey+ToString.swift */; };
		E9482DE027300F6F00777327 /* ValueWrapper.swift in Sources */ = {isa = PBXBuildFile; fileRef = E9482DDF27300F6F00777327 /* ValueWrapper.swift */; };
		E9B00060272EAFBE00FAF3DD /* Assets.xcassets in Resources */ = {isa = PBXBuildFile; fileRef = E9B0005F272EAFBE00FAF3DD /* Assets.xcassets */; };
		E9B00063272EAFBE00FAF3DD /* Preview Assets.xcassets in Resources */ = {isa = PBXBuildFile; fileRef = E9B00062272EAFBE00FAF3DD /* Preview Assets.xcassets */; };
		E9B00068272EAFBE00FAF3DD /* Repti.xcdatamodeld in Sources */ = {isa = PBXBuildFile; fileRef = E9B00066272EAFBE00FAF3DD /* Repti.xcdatamodeld */; };
		E9B00076272EB02B00FAF3DD /* Persistence.swift in Sources */ = {isa = PBXBuildFile; fileRef = E9B00071272EB02B00FAF3DD /* Persistence.swift */; };
		E9B00077272EB02B00FAF3DD /* ReptiApp.swift in Sources */ = {isa = PBXBuildFile; fileRef = E9B00073272EB02B00FAF3DD /* ReptiApp.swift */; };
		E9B00078272EB02B00FAF3DD /* ContentView.swift in Sources */ = {isa = PBXBuildFile; fileRef = E9B00075272EB02B00FAF3DD /* ContentView.swift */; };
/* End PBXBuildFile section */

/* Begin PBXFileReference section */
		E91A51C6272EB21F006062D6 /* BaseEntity.swift */ = {isa = PBXFileReference; lastKnownFileType = sourcecode.swift; path = BaseEntity.swift; sourceTree = "<group>"; };
		E91A51C8272EB31F006062D6 /* Credits.rtf */ = {isa = PBXFileReference; fileEncoding = 4; lastKnownFileType = text.rtf; path = Credits.rtf; sourceTree = SOURCE_ROOT; };
		E91A51CA272EB32F006062D6 /* README.md */ = {isa = PBXFileReference; lastKnownFileType = net.daringfireball.markdown; path = README.md; sourceTree = "<group>"; };
		E91A51CB272EB32F006062D6 /* swiftgen.yml */ = {isa = PBXFileReference; lastKnownFileType = text.yaml; path = swiftgen.yml; sourceTree = "<group>"; };
		E91A51CC272EB32F006062D6 /* LICENSE */ = {isa = PBXFileReference; lastKnownFileType = text; path = LICENSE; sourceTree = "<group>"; };
		E91A51CF272EB37E006062D6 /* Model.swift */ = {isa = PBXFileReference; fileEncoding = 4; lastKnownFileType = sourcecode.swift; path = Model.swift; sourceTree = "<group>"; };
		E91A51D1272EB42D006062D6 /* Species.swift */ = {isa = PBXFileReference; lastKnownFileType = sourcecode.swift; path = Species.swift; sourceTree = "<group>"; };
		E91A51D4272EB517006062D6 /* SpeciesListView.swift */ = {isa = PBXFileReference; lastKnownFileType = sourcecode.swift; path = SpeciesListView.swift; sourceTree = "<group>"; };
		E91A51D6272EB616006062D6 /* SpeciesRowView.swift */ = {isa = PBXFileReference; lastKnownFileType = sourcecode.swift; path = SpeciesRowView.swift; sourceTree = "<group>"; };
		E91A51DE272F545C006062D6 /* Alert.swift */ = {isa = PBXFileReference; lastKnownFileType = sourcecode.swift; path = Alert.swift; sourceTree = "<group>"; };
		E91A51E0272F5AAB006062D6 /* AlertContentView.swift */ = {isa = PBXFileReference; lastKnownFileType = sourcecode.swift; path = AlertContentView.swift; sourceTree = "<group>"; };
		E9482DDC27300D5900777327 /* LocalizedStringKey+ToString.swift */ = {isa = PBXFileReference; lastKnownFileType = sourcecode.swift; path = "LocalizedStringKey+ToString.swift"; sourceTree = "<group>"; };
		E9482DDF27300F6F00777327 /* ValueWrapper.swift */ = {isa = PBXFileReference; lastKnownFileType = sourcecode.swift; path = ValueWrapper.swift; sourceTree = "<group>"; };
		E9B00058272EAFBD00FAF3DD /* Repti.app */ = {isa = PBXFileReference; explicitFileType = wrapper.application; includeInIndex = 0; path = Repti.app; sourceTree = BUILT_PRODUCTS_DIR; };
		E9B0005F272EAFBE00FAF3DD /* Assets.xcassets */ = {isa = PBXFileReference; lastKnownFileType = folder.assetcatalog; path = Assets.xcassets; sourceTree = "<group>"; };
		E9B00062272EAFBE00FAF3DD /* Preview Assets.xcassets */ = {isa = PBXFileReference; lastKnownFileType = folder.assetcatalog; path = "Preview Assets.xcassets"; sourceTree = "<group>"; };
		E9B00067272EAFBE00FAF3DD /* Repti.xcdatamodel */ = {isa = PBXFileReference; lastKnownFileType = wrapper.xcdatamodel; path = Repti.xcdatamodel; sourceTree = "<group>"; };
		E9B00069272EAFBE00FAF3DD /* Repti.entitlements */ = {isa = PBXFileReference; lastKnownFileType = text.plist.entitlements; path = Repti.entitlements; sourceTree = "<group>"; };
		E9B00071272EB02B00FAF3DD /* Persistence.swift */ = {isa = PBXFileReference; fileEncoding = 4; lastKnownFileType = sourcecode.swift; path = Persistence.swift; sourceTree = "<group>"; };
		E9B00073272EB02B00FAF3DD /* ReptiApp.swift */ = {isa = PBXFileReference; fileEncoding = 4; lastKnownFileType = sourcecode.swift; path = ReptiApp.swift; sourceTree = "<group>"; };
		E9B00075272EB02B00FAF3DD /* ContentView.swift */ = {isa = PBXFileReference; fileEncoding = 4; lastKnownFileType = sourcecode.swift; path = ContentView.swift; sourceTree = "<group>"; };
/* End PBXFileReference section */

/* Begin PBXFrameworksBuildPhase section */
		E9B00055272EAFBD00FAF3DD /* Frameworks */ = {
			isa = PBXFrameworksBuildPhase;
			buildActionMask = 2147483647;
			files = (
			);
			runOnlyForDeploymentPostprocessing = 0;
		};
/* End PBXFrameworksBuildPhase section */

/* Begin PBXGroup section */
		E91A51C5272EB200006062D6 /* Model */ = {
			isa = PBXGroup;
			children = (
				E91A51C6272EB21F006062D6 /* BaseEntity.swift */,
				E91A51D1272EB42D006062D6 /* Species.swift */,
				E91A51CD272EB340006062D6 /* Generated */,
			);
			path = Model;
			sourceTree = "<group>";
		};
		E91A51CD272EB340006062D6 /* Generated */ = {
			isa = PBXGroup;
			children = (
				E91A51CF272EB37E006062D6 /* Model.swift */,
			);
			path = Generated;
			sourceTree = "<group>";
		};
		E91A51D3272EB500006062D6 /* SpeciesList */ = {
			isa = PBXGroup;
			children = (
				E91A51D4272EB517006062D6 /* SpeciesListView.swift */,
				E91A51D6272EB616006062D6 /* SpeciesRowView.swift */,
			);
			path = SpeciesList;
			sourceTree = "<group>";
		};
		E9482DDB27300D3900777327 /* Extensions */ = {
			isa = PBXGroup;
			children = (
				E9482DDC27300D5900777327 /* LocalizedStringKey+ToString.swift */,
			);
			path = Extensions;
			sourceTree = "<group>";
		};
		E9482DDE27300F5700777327 /* Utils */ = {
			isa = PBXGroup;
			children = (
				E9482DDF27300F6F00777327 /* ValueWrapper.swift */,
			);
			path = Utils;
			sourceTree = "<group>";
		};
		E9B0004F272EAFBD00FAF3DD = {
			isa = PBXGroup;
			children = (
				E91A51CC272EB32F006062D6 /* LICENSE */,
				E91A51CA272EB32F006062D6 /* README.md */,
				E91A51CB272EB32F006062D6 /* swiftgen.yml */,
				E9B0005A272EAFBD00FAF3DD /* Repti */,
				E9B00059272EAFBD00FAF3DD /* Products */,
			);
			sourceTree = "<group>";
		};
		E9B00059272EAFBD00FAF3DD /* Products */ = {
			isa = PBXGroup;
			children = (
				E9B00058272EAFBD00FAF3DD /* Repti.app */,
			);
			name = Products;
			sourceTree = "<group>";
		};
		E9B0005A272EAFBD00FAF3DD /* Repti */ = {
			isa = PBXGroup;
			children = (
				E9B0006F272EB02B00FAF3DD /* Source */,
				E9B00079272EB03600FAF3DD /* Ressources */,
				E9B00061272EAFBE00FAF3DD /* Preview Content */,
			);
			path = Repti;
			sourceTree = "<group>";
		};
		E9B00061272EAFBE00FAF3DD /* Preview Content */ = {
			isa = PBXGroup;
			children = (
				E9B00062272EAFBE00FAF3DD /* Preview Assets.xcassets */,
			);
			path = "Preview Content";
			sourceTree = "<group>";
		};
		E9B0006F272EB02B00FAF3DD /* Source */ = {
			isa = PBXGroup;
			children = (
				E9B00072272EB02B00FAF3DD /* Application */,
				E9482DDB27300D3900777327 /* Extensions */,
				E9B00070272EB02B00FAF3DD /* Persistence */,
				E9482DDE27300F5700777327 /* Utils */,
				E9B00074272EB02B00FAF3DD /* Views */,
			);
			path = Source;
			sourceTree = "<group>";
		};
		E9B00070272EB02B00FAF3DD /* Persistence */ = {
			isa = PBXGroup;
			children = (
				E9B00071272EB02B00FAF3DD /* Persistence.swift */,
				E91A51C5272EB200006062D6 /* Model */,
			);
			path = Persistence;
			sourceTree = "<group>";
		};
		E9B00072272EB02B00FAF3DD /* Application */ = {
			isa = PBXGroup;
			children = (
				E9B00073272EB02B00FAF3DD /* ReptiApp.swift */,
				E91A51DE272F545C006062D6 /* Alert.swift */,
			);
			path = Application;
			sourceTree = "<group>";
		};
		E9B00074272EB02B00FAF3DD /* Views */ = {
			isa = PBXGroup;
			children = (
				E9B00075272EB02B00FAF3DD /* ContentView.swift */,
				E91A51E0272F5AAB006062D6 /* AlertContentView.swift */,
				E91A51D3272EB500006062D6 /* SpeciesList */,
			);
			path = Views;
			sourceTree = "<group>";
		};
		E9B00079272EB03600FAF3DD /* Ressources */ = {
			isa = PBXGroup;
			children = (
				E9B0005F272EAFBE00FAF3DD /* Assets.xcassets */,
				E9B00069272EAFBE00FAF3DD /* Repti.entitlements */,
				E9B00066272EAFBE00FAF3DD /* Repti.xcdatamodeld */,
				E91A51C8272EB31F006062D6 /* Credits.rtf */,
			);
			name = Ressources;
			sourceTree = "<group>";
		};
/* End PBXGroup section */

/* Begin PBXNativeTarget section */
		E9B00057272EAFBD00FAF3DD /* Repti */ = {
			isa = PBXNativeTarget;
			buildConfigurationList = E9B0006C272EAFBE00FAF3DD /* Build configuration list for PBXNativeTarget "Repti" */;
			buildPhases = (
				E91A51CE272EB357006062D6 /* swiftgen */,
				E9B00054272EAFBD00FAF3DD /* Sources */,
				E9B00055272EAFBD00FAF3DD /* Frameworks */,
				E9B00056272EAFBD00FAF3DD /* Resources */,
			);
			buildRules = (
			);
			dependencies = (
			);
			name = Repti;
			packageProductDependencies = (
			);
			productName = Repti;
			productReference = E9B00058272EAFBD00FAF3DD /* Repti.app */;
			productType = "com.apple.product-type.application";
		};
/* End PBXNativeTarget section */

/* Begin PBXProject section */
		E9B00050272EAFBD00FAF3DD /* Project object */ = {
			isa = PBXProject;
			attributes = {
				BuildIndependentTargetsInParallel = 1;
				LastSwiftUpdateCheck = 1310;
				LastUpgradeCheck = 1310;
				TargetAttributes = {
					E9B00057272EAFBD00FAF3DD = {
						CreatedOnToolsVersion = 13.1;
					};
				};
			};
			buildConfigurationList = E9B00053272EAFBD00FAF3DD /* Build configuration list for PBXProject "Repti" */;
			compatibilityVersion = "Xcode 13.0";
			developmentRegion = de;
			hasScannedForEncodings = 0;
			knownRegions = (
				de,
			);
			mainGroup = E9B0004F272EAFBD00FAF3DD;
			packageReferences = (
			);
			productRefGroup = E9B00059272EAFBD00FAF3DD /* Products */;
			projectDirPath = "";
			projectRoot = "";
			targets = (
				E9B00057272EAFBD00FAF3DD /* Repti */,
			);
		};
/* End PBXProject section */

/* Begin PBXResourcesBuildPhase section */
		E9B00056272EAFBD00FAF3DD /* Resources */ = {
			isa = PBXResourcesBuildPhase;
			buildActionMask = 2147483647;
			files = (
				E9B00063272EAFBE00FAF3DD /* Preview Assets.xcassets in Resources */,
				E91A51C9272EB31F006062D6 /* Credits.rtf in Resources */,
				E9B00060272EAFBE00FAF3DD /* Assets.xcassets in Resources */,
			);
			runOnlyForDeploymentPostprocessing = 0;
		};
/* End PBXResourcesBuildPhase section */

/* Begin PBXShellScriptBuildPhase section */
		E91A51CE272EB357006062D6 /* swiftgen */ = {
			isa = PBXShellScriptBuildPhase;
			buildActionMask = 2147483647;
			files = (
			);
			inputFileListPaths = (
			);
			inputPaths = (
			);
			name = swiftgen;
			outputFileListPaths = (
			);
			outputPaths = (
			);
			runOnlyForDeploymentPostprocessing = 0;
			shellPath = /bin/sh;
			shellScript = "swiftgen\n";
		};
/* End PBXShellScriptBuildPhase section */

/* Begin PBXSourcesBuildPhase section */
		E9B00054272EAFBD00FAF3DD /* Sources */ = {
			isa = PBXSourcesBuildPhase;
			buildActionMask = 2147483647;
			files = (
				E9482DDD27300D5900777327 /* LocalizedStringKey+ToString.swift in Sources */,
				E9B00068272EAFBE00FAF3DD /* Repti.xcdatamodeld in Sources */,
				E91A51D2272EB42D006062D6 /* Species.swift in Sources */,
				E91A51D7272EB616006062D6 /* SpeciesRowView.swift in Sources */,
				E91A51C7272EB21F006062D6 /* BaseEntity.swift in Sources */,
				E91A51D5272EB517006062D6 /* SpeciesListView.swift in Sources */,
				E9B00076272EB02B00FAF3DD /* Persistence.swift in Sources */,
				E91A51E1272F5AAB006062D6 /* AlertContentView.swift in Sources */,
				E91A51DF272F545C006062D6 /* Alert.swift in Sources */,
				E9482DE027300F6F00777327 /* ValueWrapper.swift in Sources */,
				E91A51D0272EB37E006062D6 /* Model.swift in Sources */,
				E9B00078272EB02B00FAF3DD /* ContentView.swift in Sources */,
				E9B00077272EB02B00FAF3DD /* ReptiApp.swift in Sources */,
			);
			runOnlyForDeploymentPostprocessing = 0;
		};
/* End PBXSourcesBuildPhase section */

/* Begin XCBuildConfiguration section */
		E9B0006A272EAFBE00FAF3DD /* Debug */ = {
			isa = XCBuildConfiguration;
			buildSettings = {
				ALWAYS_SEARCH_USER_PATHS = NO;
				CLANG_ANALYZER_NONNULL = YES;
				CLANG_ANALYZER_NUMBER_OBJECT_CONVERSION = YES_AGGRESSIVE;
				CLANG_CXX_LANGUAGE_STANDARD = "gnu++17";
				CLANG_CXX_LIBRARY = "libc++";
				CLANG_ENABLE_MODULES = YES;
				CLANG_ENABLE_OBJC_ARC = YES;
				CLANG_ENABLE_OBJC_WEAK = YES;
				CLANG_WARN_BLOCK_CAPTURE_AUTORELEASING = YES;
				CLANG_WARN_BOOL_CONVERSION = YES;
				CLANG_WARN_COMMA = YES;
				CLANG_WARN_CONSTANT_CONVERSION = YES;
				CLANG_WARN_DEPRECATED_OBJC_IMPLEMENTATIONS = YES;
				CLANG_WARN_DIRECT_OBJC_ISA_USAGE = YES_ERROR;
				CLANG_WARN_DOCUMENTATION_COMMENTS = YES;
				CLANG_WARN_EMPTY_BODY = YES;
				CLANG_WARN_ENUM_CONVERSION = YES;
				CLANG_WARN_INFINITE_RECURSION = YES;
				CLANG_WARN_INT_CONVERSION = YES;
				CLANG_WARN_NON_LITERAL_NULL_CONVERSION = YES;
				CLANG_WARN_OBJC_IMPLICIT_RETAIN_SELF = YES;
				CLANG_WARN_OBJC_LITERAL_CONVERSION = YES;
				CLANG_WARN_OBJC_ROOT_CLASS = YES_ERROR;
				CLANG_WARN_QUOTED_INCLUDE_IN_FRAMEWORK_HEADER = YES;
				CLANG_WARN_RANGE_LOOP_ANALYSIS = YES;
				CLANG_WARN_STRICT_PROTOTYPES = YES;
				CLANG_WARN_SUSPICIOUS_MOVE = YES;
				CLANG_WARN_UNGUARDED_AVAILABILITY = YES_AGGRESSIVE;
				CLANG_WARN_UNREACHABLE_CODE = YES;
				CLANG_WARN__DUPLICATE_METHOD_MATCH = YES;
				COPY_PHASE_STRIP = NO;
				DEBUG_INFORMATION_FORMAT = dwarf;
				ENABLE_STRICT_OBJC_MSGSEND = YES;
				ENABLE_TESTABILITY = YES;
				GCC_C_LANGUAGE_STANDARD = gnu11;
				GCC_DYNAMIC_NO_PIC = NO;
				GCC_NO_COMMON_BLOCKS = YES;
				GCC_OPTIMIZATION_LEVEL = 0;
				GCC_PREPROCESSOR_DEFINITIONS = (
					"DEBUG=1",
					"$(inherited)",
				);
				GCC_WARN_64_TO_32_BIT_CONVERSION = YES;
				GCC_WARN_ABOUT_RETURN_TYPE = YES_ERROR;
				GCC_WARN_UNDECLARED_SELECTOR = YES;
				GCC_WARN_UNINITIALIZED_AUTOS = YES_AGGRESSIVE;
				GCC_WARN_UNUSED_FUNCTION = YES;
				GCC_WARN_UNUSED_VARIABLE = YES;
				MACOSX_DEPLOYMENT_TARGET = 12.0;
				MTL_ENABLE_DEBUG_INFO = INCLUDE_SOURCE;
				MTL_FAST_MATH = YES;
				ONLY_ACTIVE_ARCH = YES;
				SDKROOT = macosx;
				SWIFT_ACTIVE_COMPILATION_CONDITIONS = DEBUG;
				SWIFT_OPTIMIZATION_LEVEL = "-Onone";
			};
			name = Debug;
		};
		E9B0006B272EAFBE00FAF3DD /* Release */ = {
			isa = XCBuildConfiguration;
			buildSettings = {
				ALWAYS_SEARCH_USER_PATHS = NO;
				CLANG_ANALYZER_NONNULL = YES;
				CLANG_ANALYZER_NUMBER_OBJECT_CONVERSION = YES_AGGRESSIVE;
				CLANG_CXX_LANGUAGE_STANDARD = "gnu++17";
				CLANG_CXX_LIBRARY = "libc++";
				CLANG_ENABLE_MODULES = YES;
				CLANG_ENABLE_OBJC_ARC = YES;
				CLANG_ENABLE_OBJC_WEAK = YES;
				CLANG_WARN_BLOCK_CAPTURE_AUTORELEASING = YES;
				CLANG_WARN_BOOL_CONVERSION = YES;
				CLANG_WARN_COMMA = YES;
				CLANG_WARN_CONSTANT_CONVERSION = YES;
				CLANG_WARN_DEPRECATED_OBJC_IMPLEMENTATIONS = YES;
				CLANG_WARN_DIRECT_OBJC_ISA_USAGE = YES_ERROR;
				CLANG_WARN_DOCUMENTATION_COMMENTS = YES;
				CLANG_WARN_EMPTY_BODY = YES;
				CLANG_WARN_ENUM_CONVERSION = YES;
				CLANG_WARN_INFINITE_RECURSION = YES;
				CLANG_WARN_INT_CONVERSION = YES;
				CLANG_WARN_NON_LITERAL_NULL_CONVERSION = YES;
				CLANG_WARN_OBJC_IMPLICIT_RETAIN_SELF = YES;
				CLANG_WARN_OBJC_LITERAL_CONVERSION = YES;
				CLANG_WARN_OBJC_ROOT_CLASS = YES_ERROR;
				CLANG_WARN_QUOTED_INCLUDE_IN_FRAMEWORK_HEADER = YES;
				CLANG_WARN_RANGE_LOOP_ANALYSIS = YES;
				CLANG_WARN_STRICT_PROTOTYPES = YES;
				CLANG_WARN_SUSPICIOUS_MOVE = YES;
				CLANG_WARN_UNGUARDED_AVAILABILITY = YES_AGGRESSIVE;
				CLANG_WARN_UNREACHABLE_CODE = YES;
				CLANG_WARN__DUPLICATE_METHOD_MATCH = YES;
				COPY_PHASE_STRIP = NO;
				DEBUG_INFORMATION_FORMAT = "dwarf-with-dsym";
				ENABLE_NS_ASSERTIONS = NO;
				ENABLE_STRICT_OBJC_MSGSEND = YES;
				GCC_C_LANGUAGE_STANDARD = gnu11;
				GCC_NO_COMMON_BLOCKS = YES;
				GCC_WARN_64_TO_32_BIT_CONVERSION = YES;
				GCC_WARN_ABOUT_RETURN_TYPE = YES_ERROR;
				GCC_WARN_UNDECLARED_SELECTOR = YES;
				GCC_WARN_UNINITIALIZED_AUTOS = YES_AGGRESSIVE;
				GCC_WARN_UNUSED_FUNCTION = YES;
				GCC_WARN_UNUSED_VARIABLE = YES;
				MACOSX_DEPLOYMENT_TARGET = 12.0;
				MTL_ENABLE_DEBUG_INFO = NO;
				MTL_FAST_MATH = YES;
				SDKROOT = macosx;
				SWIFT_COMPILATION_MODE = wholemodule;
				SWIFT_OPTIMIZATION_LEVEL = "-O";
			};
			name = Release;
		};
		E9B0006D272EAFBE00FAF3DD /* Debug */ = {
			isa = XCBuildConfiguration;
			buildSettings = {
				ASSETCATALOG_COMPILER_APPICON_NAME = AppIcon;
				ASSETCATALOG_COMPILER_GLOBAL_ACCENT_COLOR_NAME = AccentColor;
				CODE_SIGN_ENTITLEMENTS = Repti/Repti.entitlements;
				CODE_SIGN_STYLE = Automatic;
				COMBINE_HIDPI_IMAGES = YES;
				CURRENT_PROJECT_VERSION = 1;
				DEVELOPMENT_ASSET_PATHS = "\"Repti/Preview Content\"";
				DEVELOPMENT_TEAM = GQE994U6EG;
				ENABLE_HARDENED_RUNTIME = YES;
				ENABLE_PREVIEWS = YES;
				GENERATE_INFOPLIST_FILE = YES;
				INFOPLIST_KEY_NSHumanReadableCopyright = "";
				LD_RUNPATH_SEARCH_PATHS = (
					"$(inherited)",
					"@executable_path/../Frameworks",
				);
				MARKETING_VERSION = 1.0;
				PRODUCT_BUNDLE_IDENTIFIER = com.github.thbonk.Repti;
				PRODUCT_NAME = "$(TARGET_NAME)";
				SWIFT_EMIT_LOC_STRINGS = YES;
				SWIFT_VERSION = 5.0;
			};
			name = Debug;
		};
		E9B0006E272EAFBE00FAF3DD /* Release */ = {
			isa = XCBuildConfiguration;
			buildSettings = {
				ASSETCATALOG_COMPILER_APPICON_NAME = AppIcon;
				ASSETCATALOG_COMPILER_GLOBAL_ACCENT_COLOR_NAME = AccentColor;
				CODE_SIGN_ENTITLEMENTS = Repti/Repti.entitlements;
				CODE_SIGN_STYLE = Automatic;
				COMBINE_HIDPI_IMAGES = YES;
				CURRENT_PROJECT_VERSION = 1;
				DEVELOPMENT_ASSET_PATHS = "\"Repti/Preview Content\"";
				DEVELOPMENT_TEAM = GQE994U6EG;
				ENABLE_HARDENED_RUNTIME = YES;
				ENABLE_PREVIEWS = YES;
				GENERATE_INFOPLIST_FILE = YES;
				INFOPLIST_KEY_NSHumanReadableCopyright = "";
				LD_RUNPATH_SEARCH_PATHS = (
					"$(inherited)",
					"@executable_path/../Frameworks",
				);
				MARKETING_VERSION = 1.0;
				PRODUCT_BUNDLE_IDENTIFIER = com.github.thbonk.Repti;
				PRODUCT_NAME = "$(TARGET_NAME)";
				SWIFT_EMIT_LOC_STRINGS = YES;
				SWIFT_VERSION = 5.0;
			};
			name = Release;
		};
/* End XCBuildConfiguration section */

/* Begin XCConfigurationList section */
		E9B00053272EAFBD00FAF3DD /* Build configuration list for PBXProject "Repti" */ = {
			isa = XCConfigurationList;
			buildConfigurations = (
				E9B0006A272EAFBE00FAF3DD /* Debug */,
				E9B0006B272EAFBE00FAF3DD /* Release */,
			);
			defaultConfigurationIsVisible = 0;
			defaultConfigurationName = Release;
		};
		E9B0006C272EAFBE00FAF3DD /* Build configuration list for PBXNativeTarget "Repti" */ = {
			isa = XCConfigurationList;
			buildConfigurations = (
				E9B0006D272EAFBE00FAF3DD /* Debug */,
				E9B0006E272EAFBE00FAF3DD /* Release */,
			);
			defaultConfigurationIsVisible = 0;
			defaultConfigurationName = Release;
		};
/* End XCConfigurationList section */

/* Begin XCVersionGroup section */
		E9B00066272EAFBE00FAF3DD /* Repti.xcdatamodeld */ = {
			isa = XCVersionGroup;
			children = (
				E9B00067272EAFBE00FAF3DD /* Repti.xcdatamodel */,
			);
			currentVersion = E9B00067272EAFBE00FAF3DD /* Repti.xcdatamodel */;
			path = Repti.xcdatamodeld;
			sourceTree = "<group>";
			versionGroupType = wrapper.xcdatamodel;
		};
/* End XCVersionGroup section */
	};
	rootObject = E9B00050272EAFBD00FAF3DD /* Project object */;
}
