// !$*UTF8*$!
{
	archiveVersion = 1;
	classes = {
	};
	objectVersion = 52;
	objects = {

/* Begin PBXBuildFile section */
		E91D5A3826433D5000D74507 /* SwiftUICharts in Frameworks */ = {isa = PBXBuildFile; productRef = E91D5A3726433D5000D74507 /* SwiftUICharts */; };
		E91D5A3A2643ADAF00D74507 /* DocumentsSubview.swift in Sources */ = {isa = PBXBuildFile; fileRef = E91D5A392643ADAF00D74507 /* DocumentsSubview.swift */; };
		E91D5A3F2645D59500D74507 /* FeatureFlags in Frameworks */ = {isa = PBXBuildFile; productRef = E91D5A3E2645D59500D74507 /* FeatureFlags */; };
		E91D5A412645D6AE00D74507 /* features.json in Resources */ = {isa = PBXBuildFile; fileRef = E91D5A402645D6AE00D74507 /* features.json */; };
		E91D5A432645D72200D74507 /* Features.swift in Sources */ = {isa = PBXBuildFile; fileRef = E91D5A422645D72200D74507 /* Features.swift */; };
		E92FB1BF262784FC004D488A /* IndividualRowView.swift in Sources */ = {isa = PBXBuildFile; fileRef = E92FB1B9262784FC004D488A /* IndividualRowView.swift */; };
		E92FB1C0262784FC004D488A /* IndividualsListView.swift in Sources */ = {isa = PBXBuildFile; fileRef = E92FB1BA262784FC004D488A /* IndividualsListView.swift */; };
		E92FB1C1262784FC004D488A /* SpeciesListView.swift in Sources */ = {isa = PBXBuildFile; fileRef = E92FB1BD262784FC004D488A /* SpeciesListView.swift */; };
		E92FB1C2262784FC004D488A /* SpeciesRowView.swift in Sources */ = {isa = PBXBuildFile; fileRef = E92FB1BE262784FC004D488A /* SpeciesRowView.swift */; };
		E92FB1C526278513004D488A /* IndividualDetailsView.swift in Sources */ = {isa = PBXBuildFile; fileRef = E92FB1C426278513004D488A /* IndividualDetailsView.swift */; };
		E92FB1CC26278FBE004D488A /* GeneralDataSubview.swift in Sources */ = {isa = PBXBuildFile; fileRef = E92FB1CB26278FBE004D488A /* GeneralDataSubview.swift */; };
		E92FB1CF2627FFC6004D488A /* DatesSubview.swift in Sources */ = {isa = PBXBuildFile; fileRef = E92FB1CE2627FFC6004D488A /* DatesSubview.swift */; };
		E94CAD2625AEC8F60072E3BA /* OptionalValue.swift in Sources */ = {isa = PBXBuildFile; fileRef = E94CAD2525AEC8F60072E3BA /* OptionalValue.swift */; };
		E9699CDA26208DBF00CB25AE /* SpeciesEditorView.swift in Sources */ = {isa = PBXBuildFile; fileRef = E9699CD926208DBF00CB25AE /* SpeciesEditorView.swift */; };
		E9794F4E25A9B52D0063D595 /* CloudKit.framework in Frameworks */ = {isa = PBXBuildFile; fileRef = E9794F4D25A9B52D0063D595 /* CloudKit.framework */; };
		E997916A261ECBFD0047AC27 /* PureSwiftUI in Frameworks */ = {isa = PBXBuildFile; productRef = E9979169261ECBFD0047AC27 /* PureSwiftUI */; };
		E99A29A72629B510005423A2 /* PicturesSubview.swift in Sources */ = {isa = PBXBuildFile; fileRef = E99A29A62629B510005423A2 /* PicturesSubview.swift */; };
		E99A29AA2629B9BF005423A2 /* AsyncImage.swift in Sources */ = {isa = PBXBuildFile; fileRef = E99A29A92629B9BF005423A2 /* AsyncImage.swift */; };
		E99A29AD2629BA8D005423A2 /* AsyncImageLoader.swift in Sources */ = {isa = PBXBuildFile; fileRef = E99A29AC2629BA8D005423A2 /* AsyncImageLoader.swift */; };
		E9A0328F2642FD6E002DFE91 /* ImageViewer.swift in Sources */ = {isa = PBXBuildFile; fileRef = E9A0328E2642FD6E002DFE91 /* ImageViewer.swift */; };
		E9A0329126431B67002DFE91 /* ImagePicker.swift in Sources */ = {isa = PBXBuildFile; fileRef = E9A0329026431B67002DFE91 /* ImagePicker.swift */; };
		E9A3D44C25D7CAF40092CAD3 /* PictureData.swift in Sources */ = {isa = PBXBuildFile; fileRef = E9A3D44B25D7CAF40092CAD3 /* PictureData.swift */; };
		E9A517C925A8E6F30088986B /* Credits.rtf in Resources */ = {isa = PBXBuildFile; fileRef = E9A517C825A8E6F30088986B /* Credits.rtf */; };
		E9AE47F62628B0A70084B20B /* WeighingsEditorView.swift in Sources */ = {isa = PBXBuildFile; fileRef = E9AE47F52628B0A70084B20B /* WeighingsEditorView.swift */; };
		E9C2DDF326286F74002BC9BF /* WeighingsSubview.swift in Sources */ = {isa = PBXBuildFile; fileRef = E9C2DDF226286F74002BC9BF /* WeighingsSubview.swift */; };
		E9C6356325A3C6AD00BA2748 /* Assets.xcassets in Resources */ = {isa = PBXBuildFile; fileRef = E9C6356225A3C6AD00BA2748 /* Assets.xcassets */; };
		E9C6356625A3C6AD00BA2748 /* Preview Assets.xcassets in Resources */ = {isa = PBXBuildFile; fileRef = E9C6356525A3C6AD00BA2748 /* Preview Assets.xcassets */; };
		E9C6356B25A3C6AD00BA2748 /* Repti.xcdatamodeld in Sources */ = {isa = PBXBuildFile; fileRef = E9C6356925A3C6AD00BA2748 /* Repti.xcdatamodeld */; };
		E9C6357A25A3C72000BA2748 /* RootView.swift in Sources */ = {isa = PBXBuildFile; fileRef = E9C6357525A3C72000BA2748 /* RootView.swift */; };
		E9C6357B25A3C72000BA2748 /* Persistence.swift in Sources */ = {isa = PBXBuildFile; fileRef = E9C6357725A3C72000BA2748 /* Persistence.swift */; };
		E9C6357C25A3C72000BA2748 /* ReptiApp.swift in Sources */ = {isa = PBXBuildFile; fileRef = E9C6357925A3C72000BA2748 /* ReptiApp.swift */; };
		E9C6358925A3D35500BA2748 /* Model.swift in Sources */ = {isa = PBXBuildFile; fileRef = E9C6358825A3D35500BA2748 /* Model.swift */; };
		E9C6359025A3D3C200BA2748 /* Weight.swift in Sources */ = {isa = PBXBuildFile; fileRef = E9C6358B25A3D3C200BA2748 /* Weight.swift */; };
		E9C6359125A3D3C200BA2748 /* Species.swift in Sources */ = {isa = PBXBuildFile; fileRef = E9C6358C25A3D3C200BA2748 /* Species.swift */; };
		E9C6359225A3D3C200BA2748 /* Picture.swift in Sources */ = {isa = PBXBuildFile; fileRef = E9C6358D25A3D3C200BA2748 /* Picture.swift */; };
		E9C6359325A3D3C200BA2748 /* Individual.swift in Sources */ = {isa = PBXBuildFile; fileRef = E9C6358E25A3D3C200BA2748 /* Individual.swift */; };
		E9C6359425A3D3C200BA2748 /* BaseEntity.swift in Sources */ = {isa = PBXBuildFile; fileRef = E9C6358F25A3D3C200BA2748 /* BaseEntity.swift */; };
		E9C635B525A587E900BA2748 /* Alerts.swift in Sources */ = {isa = PBXBuildFile; fileRef = E9C635B425A587E900BA2748 /* Alerts.swift */; };
		E9CCBBA825E2488F0056845C /* Document.swift in Sources */ = {isa = PBXBuildFile; fileRef = E9CCBBA725E2488F0056845C /* Document.swift */; };
		E9CCBBAB25E248DE0056845C /* DocumentData.swift in Sources */ = {isa = PBXBuildFile; fileRef = E9CCBBAA25E248DE0056845C /* DocumentData.swift */; };
/* End PBXBuildFile section */

/* Begin PBXFileReference section */
		E91D5A392643ADAF00D74507 /* DocumentsSubview.swift */ = {isa = PBXFileReference; lastKnownFileType = sourcecode.swift; path = DocumentsSubview.swift; sourceTree = "<group>"; };
		E91D5A402645D6AE00D74507 /* features.json */ = {isa = PBXFileReference; lastKnownFileType = text.json; path = features.json; sourceTree = "<group>"; };
		E91D5A422645D72200D74507 /* Features.swift */ = {isa = PBXFileReference; lastKnownFileType = sourcecode.swift; path = Features.swift; sourceTree = "<group>"; };
		E92FB1B9262784FC004D488A /* IndividualRowView.swift */ = {isa = PBXFileReference; fileEncoding = 4; lastKnownFileType = sourcecode.swift; path = IndividualRowView.swift; sourceTree = "<group>"; };
		E92FB1BA262784FC004D488A /* IndividualsListView.swift */ = {isa = PBXFileReference; fileEncoding = 4; lastKnownFileType = sourcecode.swift; path = IndividualsListView.swift; sourceTree = "<group>"; };
		E92FB1BD262784FC004D488A /* SpeciesListView.swift */ = {isa = PBXFileReference; fileEncoding = 4; lastKnownFileType = sourcecode.swift; path = SpeciesListView.swift; sourceTree = "<group>"; };
		E92FB1BE262784FC004D488A /* SpeciesRowView.swift */ = {isa = PBXFileReference; fileEncoding = 4; lastKnownFileType = sourcecode.swift; path = SpeciesRowView.swift; sourceTree = "<group>"; };
		E92FB1C426278513004D488A /* IndividualDetailsView.swift */ = {isa = PBXFileReference; lastKnownFileType = sourcecode.swift; path = IndividualDetailsView.swift; sourceTree = "<group>"; };
		E92FB1C926278D09004D488A /* coredata.stencil */ = {isa = PBXFileReference; lastKnownFileType = text; path = coredata.stencil; sourceTree = "<group>"; };
		E92FB1CB26278FBE004D488A /* GeneralDataSubview.swift */ = {isa = PBXFileReference; lastKnownFileType = sourcecode.swift; path = GeneralDataSubview.swift; sourceTree = "<group>"; };
		E92FB1CE2627FFC6004D488A /* DatesSubview.swift */ = {isa = PBXFileReference; lastKnownFileType = sourcecode.swift; path = DatesSubview.swift; sourceTree = "<group>"; };
		E94CAD2525AEC8F60072E3BA /* OptionalValue.swift */ = {isa = PBXFileReference; lastKnownFileType = sourcecode.swift; path = OptionalValue.swift; sourceTree = "<group>"; };
		E9699CD926208DBF00CB25AE /* SpeciesEditorView.swift */ = {isa = PBXFileReference; lastKnownFileType = sourcecode.swift; path = SpeciesEditorView.swift; sourceTree = "<group>"; };
		E9794F4D25A9B52D0063D595 /* CloudKit.framework */ = {isa = PBXFileReference; lastKnownFileType = wrapper.framework; name = CloudKit.framework; path = System/Library/Frameworks/CloudKit.framework; sourceTree = SDKROOT; };
		E99A29A62629B510005423A2 /* PicturesSubview.swift */ = {isa = PBXFileReference; lastKnownFileType = sourcecode.swift; path = PicturesSubview.swift; sourceTree = "<group>"; };
		E99A29A92629B9BF005423A2 /* AsyncImage.swift */ = {isa = PBXFileReference; lastKnownFileType = sourcecode.swift; path = AsyncImage.swift; sourceTree = "<group>"; };
		E99A29AC2629BA8D005423A2 /* AsyncImageLoader.swift */ = {isa = PBXFileReference; lastKnownFileType = sourcecode.swift; path = AsyncImageLoader.swift; sourceTree = "<group>"; };
		E9A0328E2642FD6E002DFE91 /* ImageViewer.swift */ = {isa = PBXFileReference; lastKnownFileType = sourcecode.swift; path = ImageViewer.swift; sourceTree = "<group>"; };
		E9A0329026431B67002DFE91 /* ImagePicker.swift */ = {isa = PBXFileReference; lastKnownFileType = sourcecode.swift; path = ImagePicker.swift; sourceTree = "<group>"; };
		E9A3D44B25D7CAF40092CAD3 /* PictureData.swift */ = {isa = PBXFileReference; lastKnownFileType = sourcecode.swift; path = PictureData.swift; sourceTree = "<group>"; };
		E9A517C825A8E6F30088986B /* Credits.rtf */ = {isa = PBXFileReference; fileEncoding = 4; lastKnownFileType = text.rtf; path = Credits.rtf; sourceTree = SOURCE_ROOT; };
		E9AE47F52628B0A70084B20B /* WeighingsEditorView.swift */ = {isa = PBXFileReference; lastKnownFileType = sourcecode.swift; path = WeighingsEditorView.swift; sourceTree = "<group>"; };
		E9C2DDF226286F74002BC9BF /* WeighingsSubview.swift */ = {isa = PBXFileReference; lastKnownFileType = sourcecode.swift; path = WeighingsSubview.swift; sourceTree = "<group>"; };
		E9C6355B25A3C6AB00BA2748 /* Repti.app */ = {isa = PBXFileReference; explicitFileType = wrapper.application; includeInIndex = 0; path = Repti.app; sourceTree = BUILT_PRODUCTS_DIR; };
		E9C6356225A3C6AD00BA2748 /* Assets.xcassets */ = {isa = PBXFileReference; lastKnownFileType = folder.assetcatalog; path = Assets.xcassets; sourceTree = "<group>"; };
		E9C6356525A3C6AD00BA2748 /* Preview Assets.xcassets */ = {isa = PBXFileReference; lastKnownFileType = folder.assetcatalog; path = "Preview Assets.xcassets"; sourceTree = "<group>"; };
		E9C6356A25A3C6AD00BA2748 /* Repti.xcdatamodel */ = {isa = PBXFileReference; lastKnownFileType = wrapper.xcdatamodel; path = Repti.xcdatamodel; sourceTree = "<group>"; };
		E9C6356C25A3C6AD00BA2748 /* Info.plist */ = {isa = PBXFileReference; lastKnownFileType = text.plist.xml; path = Info.plist; sourceTree = "<group>"; };
		E9C6357525A3C72000BA2748 /* RootView.swift */ = {isa = PBXFileReference; fileEncoding = 4; lastKnownFileType = sourcecode.swift; path = RootView.swift; sourceTree = "<group>"; };
		E9C6357725A3C72000BA2748 /* Persistence.swift */ = {isa = PBXFileReference; fileEncoding = 4; lastKnownFileType = sourcecode.swift; path = Persistence.swift; sourceTree = "<group>"; };
		E9C6357925A3C72000BA2748 /* ReptiApp.swift */ = {isa = PBXFileReference; fileEncoding = 4; lastKnownFileType = sourcecode.swift; path = ReptiApp.swift; sourceTree = "<group>"; };
		E9C6358225A3C86F00BA2748 /* README.md */ = {isa = PBXFileReference; lastKnownFileType = net.daringfireball.markdown; path = README.md; sourceTree = "<group>"; };
		E9C6358325A3C86F00BA2748 /* LICENSE */ = {isa = PBXFileReference; lastKnownFileType = text; path = LICENSE; sourceTree = "<group>"; };
		E9C6358425A3C86F00BA2748 /* swiftgen.yml */ = {isa = PBXFileReference; lastKnownFileType = text.yaml; path = swiftgen.yml; sourceTree = "<group>"; };
		E9C6358825A3D35500BA2748 /* Model.swift */ = {isa = PBXFileReference; fileEncoding = 4; lastKnownFileType = sourcecode.swift; path = Model.swift; sourceTree = "<group>"; };
		E9C6358B25A3D3C200BA2748 /* Weight.swift */ = {isa = PBXFileReference; fileEncoding = 4; lastKnownFileType = sourcecode.swift; path = Weight.swift; sourceTree = "<group>"; };
		E9C6358C25A3D3C200BA2748 /* Species.swift */ = {isa = PBXFileReference; fileEncoding = 4; lastKnownFileType = sourcecode.swift; path = Species.swift; sourceTree = "<group>"; };
		E9C6358D25A3D3C200BA2748 /* Picture.swift */ = {isa = PBXFileReference; fileEncoding = 4; lastKnownFileType = sourcecode.swift; path = Picture.swift; sourceTree = "<group>"; };
		E9C6358E25A3D3C200BA2748 /* Individual.swift */ = {isa = PBXFileReference; fileEncoding = 4; lastKnownFileType = sourcecode.swift; path = Individual.swift; sourceTree = "<group>"; };
		E9C6358F25A3D3C200BA2748 /* BaseEntity.swift */ = {isa = PBXFileReference; fileEncoding = 4; lastKnownFileType = sourcecode.swift; path = BaseEntity.swift; sourceTree = "<group>"; };
		E9C6359625A3D43F00BA2748 /* Repti.entitlements */ = {isa = PBXFileReference; lastKnownFileType = text.plist.entitlements; path = Repti.entitlements; sourceTree = "<group>"; };
		E9C635B425A587E900BA2748 /* Alerts.swift */ = {isa = PBXFileReference; lastKnownFileType = sourcecode.swift; path = Alerts.swift; sourceTree = "<group>"; };
		E9CCBBA325E13A530056845C /* ReptiV2.xcdatamodel */ = {isa = PBXFileReference; lastKnownFileType = wrapper.xcdatamodel; path = ReptiV2.xcdatamodel; sourceTree = "<group>"; };
		E9CCBBA525E247D90056845C /* ReptiV3.xcdatamodel */ = {isa = PBXFileReference; lastKnownFileType = wrapper.xcdatamodel; path = ReptiV3.xcdatamodel; sourceTree = "<group>"; };
		E9CCBBA725E2488F0056845C /* Document.swift */ = {isa = PBXFileReference; lastKnownFileType = sourcecode.swift; path = Document.swift; sourceTree = "<group>"; };
		E9CCBBAA25E248DE0056845C /* DocumentData.swift */ = {isa = PBXFileReference; lastKnownFileType = sourcecode.swift; path = DocumentData.swift; sourceTree = "<group>"; };
		E9CCBBAF25E42EE40056845C /* ReptiV4.xcdatamodel */ = {isa = PBXFileReference; lastKnownFileType = wrapper.xcdatamodel; path = ReptiV4.xcdatamodel; sourceTree = "<group>"; };
		E9F6D4D82646EB690055AA3E /* .gitignore */ = {isa = PBXFileReference; lastKnownFileType = text; path = .gitignore; sourceTree = "<group>"; };
		E9F6D4D92646EBA60055AA3E /* ExternalConfig.xcconfig */ = {isa = PBXFileReference; lastKnownFileType = text.xcconfig; path = ExternalConfig.xcconfig; sourceTree = "<group>"; };
/* End PBXFileReference section */

/* Begin PBXFrameworksBuildPhase section */
		E9C6355825A3C6AB00BA2748 /* Frameworks */ = {
			isa = PBXFrameworksBuildPhase;
			buildActionMask = 2147483647;
			files = (
				E91D5A3826433D5000D74507 /* SwiftUICharts in Frameworks */,
				E91D5A3F2645D59500D74507 /* FeatureFlags in Frameworks */,
				E997916A261ECBFD0047AC27 /* PureSwiftUI in Frameworks */,
				E9794F4E25A9B52D0063D595 /* CloudKit.framework in Frameworks */,
			);
			runOnlyForDeploymentPostprocessing = 0;
		};
/* End PBXFrameworksBuildPhase section */

/* Begin PBXGroup section */
		E92FB1B7262784FC004D488A /* Views */ = {
			isa = PBXGroup;
			children = (
				E99A29A92629B9BF005423A2 /* AsyncImage.swift */,
				E9A0328E2642FD6E002DFE91 /* ImageViewer.swift */,
				E9A0329026431B67002DFE91 /* ImagePicker.swift */,
				E92FB1B8262784FC004D488A /* Individuals */,
				E92FB1BB262784FC004D488A /* IndividualDetails */,
				E92FB1BC262784FC004D488A /* Species */,
			);
			path = Views;
			sourceTree = "<group>";
		};
		E92FB1B8262784FC004D488A /* Individuals */ = {
			isa = PBXGroup;
			children = (
				E92FB1BA262784FC004D488A /* IndividualsListView.swift */,
				E92FB1B9262784FC004D488A /* IndividualRowView.swift */,
			);
			path = Individuals;
			sourceTree = "<group>";
		};
		E92FB1BB262784FC004D488A /* IndividualDetails */ = {
			isa = PBXGroup;
			children = (
				E92FB1C426278513004D488A /* IndividualDetailsView.swift */,
				E92FB1CB26278FBE004D488A /* GeneralDataSubview.swift */,
				E92FB1CE2627FFC6004D488A /* DatesSubview.swift */,
				E9C2DDF226286F74002BC9BF /* WeighingsSubview.swift */,
				E99A29A62629B510005423A2 /* PicturesSubview.swift */,
				E91D5A392643ADAF00D74507 /* DocumentsSubview.swift */,
			);
			path = IndividualDetails;
			sourceTree = "<group>";
		};
		E92FB1BC262784FC004D488A /* Species */ = {
			isa = PBXGroup;
			children = (
				E92FB1BD262784FC004D488A /* SpeciesListView.swift */,
				E92FB1BE262784FC004D488A /* SpeciesRowView.swift */,
			);
			path = Species;
			sourceTree = "<group>";
		};
		E92FB1C826278D09004D488A /* swiftgen-templates */ = {
			isa = PBXGroup;
			children = (
				E92FB1C926278D09004D488A /* coredata.stencil */,
			);
			path = "swiftgen-templates";
			sourceTree = "<group>";
		};
		E94CAD2425AEC8C80072E3BA /* Utility */ = {
			isa = PBXGroup;
			children = (
				E94CAD2525AEC8F60072E3BA /* OptionalValue.swift */,
			);
			name = Utility;
			path = Repti/Source/Utility;
			sourceTree = SOURCE_ROOT;
		};
		E9699CD826208DA700CB25AE /* Editors */ = {
			isa = PBXGroup;
			children = (
				E9699CD926208DBF00CB25AE /* SpeciesEditorView.swift */,
				E9AE47F52628B0A70084B20B /* WeighingsEditorView.swift */,
			);
			path = Editors;
			sourceTree = "<group>";
		};
		E9794F4C25A9B52D0063D595 /* Frameworks */ = {
			isa = PBXGroup;
			children = (
				E9794F4D25A9B52D0063D595 /* CloudKit.framework */,
			);
			name = Frameworks;
			sourceTree = "<group>";
		};
		E9A517AE25A60D710088986B /* Resources */ = {
			isa = PBXGroup;
			children = (
				E9C6356925A3C6AD00BA2748 /* Repti.xcdatamodeld */,
				E9A517C825A8E6F30088986B /* Credits.rtf */,
				E9C6359625A3D43F00BA2748 /* Repti.entitlements */,
				E9C6356225A3C6AD00BA2748 /* Assets.xcassets */,
				E9C6356C25A3C6AD00BA2748 /* Info.plist */,
				E91D5A402645D6AE00D74507 /* features.json */,
				E9F6D4D92646EBA60055AA3E /* ExternalConfig.xcconfig */,
			);
			name = Resources;
			sourceTree = "<group>";
		};
		E9C6355225A3C6AB00BA2748 = {
			isa = PBXGroup;
			children = (
				E9C6358325A3C86F00BA2748 /* LICENSE */,
				E9C6358225A3C86F00BA2748 /* README.md */,
				E9C6358425A3C86F00BA2748 /* swiftgen.yml */,
				E9F6D4D82646EB690055AA3E /* .gitignore */,
				E9C6355D25A3C6AB00BA2748 /* Repti */,
				E92FB1C826278D09004D488A /* swiftgen-templates */,
				E9C6355C25A3C6AB00BA2748 /* Products */,
				E9794F4C25A9B52D0063D595 /* Frameworks */,
			);
			sourceTree = "<group>";
		};
		E9C6355C25A3C6AB00BA2748 /* Products */ = {
			isa = PBXGroup;
			children = (
				E9C6355B25A3C6AB00BA2748 /* Repti.app */,
			);
			name = Products;
			sourceTree = "<group>";
		};
		E9C6355D25A3C6AB00BA2748 /* Repti */ = {
			isa = PBXGroup;
			children = (
				E9C6357325A3C72000BA2748 /* Source */,
				E9A517AE25A60D710088986B /* Resources */,
				E9C6356425A3C6AD00BA2748 /* Preview Content */,
			);
			path = Repti;
			sourceTree = "<group>";
		};
		E9C6356425A3C6AD00BA2748 /* Preview Content */ = {
			isa = PBXGroup;
			children = (
				E9C6356525A3C6AD00BA2748 /* Preview Assets.xcassets */,
			);
			path = "Preview Content";
			sourceTree = "<group>";
		};
		E9C6357325A3C72000BA2748 /* Source */ = {
			isa = PBXGroup;
			children = (
				E9C6357825A3C72000BA2748 /* Application */,
				E9C6357625A3C72000BA2748 /* Persistence */,
				E9C6357425A3C72000BA2748 /* UI */,
				E94CAD2425AEC8C80072E3BA /* Utility */,
			);
			path = Source;
			sourceTree = "<group>";
		};
		E9C6357425A3C72000BA2748 /* UI */ = {
			isa = PBXGroup;
			children = (
				E9C6357525A3C72000BA2748 /* RootView.swift */,
				E9699CD826208DA700CB25AE /* Editors */,
				E92FB1B7262784FC004D488A /* Views */,
			);
			path = UI;
			sourceTree = "<group>";
		};
		E9C6357625A3C72000BA2748 /* Persistence */ = {
			isa = PBXGroup;
			children = (
				E99A29AC2629BA8D005423A2 /* AsyncImageLoader.swift */,
				E9C6357725A3C72000BA2748 /* Persistence.swift */,
				E9C6358625A3D35500BA2748 /* Model */,
			);
			path = Persistence;
			sourceTree = "<group>";
		};
		E9C6357825A3C72000BA2748 /* Application */ = {
			isa = PBXGroup;
			children = (
				E9C6357925A3C72000BA2748 /* ReptiApp.swift */,
				E9C635B425A587E900BA2748 /* Alerts.swift */,
				E91D5A422645D72200D74507 /* Features.swift */,
			);
			path = Application;
			sourceTree = "<group>";
		};
		E9C6358625A3D35500BA2748 /* Model */ = {
			isa = PBXGroup;
			children = (
				E9C6358F25A3D3C200BA2748 /* BaseEntity.swift */,
				E9CCBBA725E2488F0056845C /* Document.swift */,
				E9CCBBAA25E248DE0056845C /* DocumentData.swift */,
				E9C6358E25A3D3C200BA2748 /* Individual.swift */,
				E9C6358D25A3D3C200BA2748 /* Picture.swift */,
				E9A3D44B25D7CAF40092CAD3 /* PictureData.swift */,
				E9C6358C25A3D3C200BA2748 /* Species.swift */,
				E9C6358B25A3D3C200BA2748 /* Weight.swift */,
				E9C6358725A3D35500BA2748 /* Generated */,
			);
			path = Model;
			sourceTree = "<group>";
		};
		E9C6358725A3D35500BA2748 /* Generated */ = {
			isa = PBXGroup;
			children = (
				E9C6358825A3D35500BA2748 /* Model.swift */,
			);
			path = Generated;
			sourceTree = "<group>";
		};
/* End PBXGroup section */

/* Begin PBXNativeTarget section */
		E9C6355A25A3C6AB00BA2748 /* Repti */ = {
			isa = PBXNativeTarget;
			buildConfigurationList = E9C6356F25A3C6AD00BA2748 /* Build configuration list for PBXNativeTarget "Repti" */;
			buildPhases = (
				E9C6358025A3C82300BA2748 /* swiftgen */,
				E9C6355725A3C6AB00BA2748 /* Sources */,
				E94CAD1E25AEC6230072E3BA /* Set Build Number */,
				E9C6355825A3C6AB00BA2748 /* Frameworks */,
				E9C6355925A3C6AB00BA2748 /* Resources */,
			);
			buildRules = (
			);
			dependencies = (
			);
			name = Repti;
			packageProductDependencies = (
				E9979169261ECBFD0047AC27 /* PureSwiftUI */,
				E91D5A3726433D5000D74507 /* SwiftUICharts */,
				E91D5A3E2645D59500D74507 /* FeatureFlags */,
			);
			productName = Repti;
			productReference = E9C6355B25A3C6AB00BA2748 /* Repti.app */;
			productType = "com.apple.product-type.application";
		};
/* End PBXNativeTarget section */

/* Begin PBXProject section */
		E9C6355325A3C6AB00BA2748 /* Project object */ = {
			isa = PBXProject;
			attributes = {
				LastSwiftUpdateCheck = 1230;
				LastUpgradeCheck = 1230;
				TargetAttributes = {
					E9C6355A25A3C6AB00BA2748 = {
						CreatedOnToolsVersion = 12.3;
					};
				};
			};
			buildConfigurationList = E9C6355625A3C6AB00BA2748 /* Build configuration list for PBXProject "Repti" */;
			compatibilityVersion = "Xcode 9.3";
			developmentRegion = en;
			hasScannedForEncodings = 0;
			knownRegions = (
				en,
				Base,
			);
			mainGroup = E9C6355225A3C6AB00BA2748;
			packageReferences = (
				E9979168261ECBFD0047AC27 /* XCRemoteSwiftPackageReference "pure-swift-ui" */,
				E91D5A3626433D5000D74507 /* XCRemoteSwiftPackageReference "SwiftUICharts" */,
				E91D5A3D2645D59500D74507 /* XCRemoteSwiftPackageReference "FeatureFlags" */,
			);
			productRefGroup = E9C6355C25A3C6AB00BA2748 /* Products */;
			projectDirPath = "";
			projectRoot = "";
			targets = (
				E9C6355A25A3C6AB00BA2748 /* Repti */,
			);
		};
/* End PBXProject section */

/* Begin PBXResourcesBuildPhase section */
		E9C6355925A3C6AB00BA2748 /* Resources */ = {
			isa = PBXResourcesBuildPhase;
			buildActionMask = 2147483647;
			files = (
				E91D5A412645D6AE00D74507 /* features.json in Resources */,
				E9C6356625A3C6AD00BA2748 /* Preview Assets.xcassets in Resources */,
				E9A517C925A8E6F30088986B /* Credits.rtf in Resources */,
				E9C6356325A3C6AD00BA2748 /* Assets.xcassets in Resources */,
			);
			runOnlyForDeploymentPostprocessing = 0;
		};
/* End PBXResourcesBuildPhase section */

/* Begin PBXShellScriptBuildPhase section */
		E94CAD1E25AEC6230072E3BA /* Set Build Number */ = {
			isa = PBXShellScriptBuildPhase;
			buildActionMask = 2147483647;
			files = (
			);
			inputFileListPaths = (
			);
			inputPaths = (
			);
			name = "Set Build Number";
			outputFileListPaths = (
			);
			outputPaths = (
			);
			runOnlyForDeploymentPostprocessing = 0;
			shellPath = /bin/sh;
			shellScript = "#buildNumber=$(/usr/libexec/PlistBuddy -c \"Print CFBundleVersion\" \"${PROJECT_DIR}/${INFOPLIST_FILE}\")\n#buildNumber=$(($buildNumber + 1))\n# buildNumber=`date \"+%Y%m%d-%H%M%S\"`\n# /usr/libexec/PlistBuddy -c \"Set :CFBundleVersion $buildNumber\" \"${PROJECT_DIR}/${INFOPLIST_FILE}\"\necho \"buildNumber=\"`date \"+%Y%m%d-%H%M%S\"` > \"${PROJECT_DIR}/Repti/ExternalConfig.xcconfig\"\n#echo `date \"+%Y%m%d-%H%M%S\"` >> \"${PROJECT_DIR}/Repti/ExternalConfig.xcconfig\"\n#echo \"\\n\" >> \"${PROJECT_DIR}/Repti/ExternalConfig.xcconfig\"\n";
		};
		E9C6358025A3C82300BA2748 /* swiftgen */ = {
			isa = PBXShellScriptBuildPhase;
			buildActionMask = 2147483647;
			files = (
			);
			inputFileListPaths = (
			);
			inputPaths = (
			);
			name = swiftgen;
			outputFileListPaths = (
			);
			outputPaths = (
			);
			runOnlyForDeploymentPostprocessing = 0;
			shellPath = /bin/sh;
			shellScript = "if which swiftgen >/dev/null; then\n  swiftgen\nelse\n  echo \"error: SwiftGen not installed, download it from https://github.com/SwiftGen/SwiftGen\"\nfi\n";
		};
/* End PBXShellScriptBuildPhase section */

/* Begin PBXSourcesBuildPhase section */
		E9C6355725A3C6AB00BA2748 /* Sources */ = {
			isa = PBXSourcesBuildPhase;
			buildActionMask = 2147483647;
			files = (
				E9C6358925A3D35500BA2748 /* Model.swift in Sources */,
				E99A29AA2629B9BF005423A2 /* AsyncImage.swift in Sources */,
				E9C6359425A3D3C200BA2748 /* BaseEntity.swift in Sources */,
				E91D5A3A2643ADAF00D74507 /* DocumentsSubview.swift in Sources */,
				E9C635B525A587E900BA2748 /* Alerts.swift in Sources */,
				E9C6359125A3D3C200BA2748 /* Species.swift in Sources */,
				E92FB1BF262784FC004D488A /* IndividualRowView.swift in Sources */,
				E9C6357B25A3C72000BA2748 /* Persistence.swift in Sources */,
				E91D5A432645D72200D74507 /* Features.swift in Sources */,
				E92FB1C2262784FC004D488A /* SpeciesRowView.swift in Sources */,
				E9C6359325A3D3C200BA2748 /* Individual.swift in Sources */,
				E92FB1C0262784FC004D488A /* IndividualsListView.swift in Sources */,
				E94CAD2625AEC8F60072E3BA /* OptionalValue.swift in Sources */,
				E9A3D44C25D7CAF40092CAD3 /* PictureData.swift in Sources */,
				E92FB1C526278513004D488A /* IndividualDetailsView.swift in Sources */,
				E99A29AD2629BA8D005423A2 /* AsyncImageLoader.swift in Sources */,
				E9C6357A25A3C72000BA2748 /* RootView.swift in Sources */,
				E9AE47F62628B0A70084B20B /* WeighingsEditorView.swift in Sources */,
				E9C6359225A3D3C200BA2748 /* Picture.swift in Sources */,
				E9C6357C25A3C72000BA2748 /* ReptiApp.swift in Sources */,
				E92FB1C1262784FC004D488A /* SpeciesListView.swift in Sources */,
				E92FB1CC26278FBE004D488A /* GeneralDataSubview.swift in Sources */,
				E9CCBBAB25E248DE0056845C /* DocumentData.swift in Sources */,
				E9A0328F2642FD6E002DFE91 /* ImageViewer.swift in Sources */,
				E9C6356B25A3C6AD00BA2748 /* Repti.xcdatamodeld in Sources */,
				E9C2DDF326286F74002BC9BF /* WeighingsSubview.swift in Sources */,
				E92FB1CF2627FFC6004D488A /* DatesSubview.swift in Sources */,
				E9CCBBA825E2488F0056845C /* Document.swift in Sources */,
				E9699CDA26208DBF00CB25AE /* SpeciesEditorView.swift in Sources */,
				E9A0329126431B67002DFE91 /* ImagePicker.swift in Sources */,
				E99A29A72629B510005423A2 /* PicturesSubview.swift in Sources */,
				E9C6359025A3D3C200BA2748 /* Weight.swift in Sources */,
			);
			runOnlyForDeploymentPostprocessing = 0;
		};
/* End PBXSourcesBuildPhase section */

/* Begin XCBuildConfiguration section */
		E9C6356D25A3C6AD00BA2748 /* Debug */ = {
			isa = XCBuildConfiguration;
			baseConfigurationReference = E9F6D4D92646EBA60055AA3E /* ExternalConfig.xcconfig */;
			buildSettings = {
				ALWAYS_SEARCH_USER_PATHS = NO;
				CLANG_ANALYZER_NONNULL = YES;
				CLANG_ANALYZER_NUMBER_OBJECT_CONVERSION = YES_AGGRESSIVE;
				CLANG_CXX_LANGUAGE_STANDARD = "gnu++14";
				CLANG_CXX_LIBRARY = "libc++";
				CLANG_ENABLE_MODULES = YES;
				CLANG_ENABLE_OBJC_ARC = YES;
				CLANG_ENABLE_OBJC_WEAK = YES;
				CLANG_WARN_BLOCK_CAPTURE_AUTORELEASING = YES;
				CLANG_WARN_BOOL_CONVERSION = YES;
				CLANG_WARN_COMMA = YES;
				CLANG_WARN_CONSTANT_CONVERSION = YES;
				CLANG_WARN_DEPRECATED_OBJC_IMPLEMENTATIONS = YES;
				CLANG_WARN_DIRECT_OBJC_ISA_USAGE = YES_ERROR;
				CLANG_WARN_DOCUMENTATION_COMMENTS = YES;
				CLANG_WARN_EMPTY_BODY = YES;
				CLANG_WARN_ENUM_CONVERSION = YES;
				CLANG_WARN_INFINITE_RECURSION = YES;
				CLANG_WARN_INT_CONVERSION = YES;
				CLANG_WARN_NON_LITERAL_NULL_CONVERSION = YES;
				CLANG_WARN_OBJC_IMPLICIT_RETAIN_SELF = YES;
				CLANG_WARN_OBJC_LITERAL_CONVERSION = YES;
				CLANG_WARN_OBJC_ROOT_CLASS = YES_ERROR;
				CLANG_WARN_QUOTED_INCLUDE_IN_FRAMEWORK_HEADER = YES;
				CLANG_WARN_RANGE_LOOP_ANALYSIS = YES;
				CLANG_WARN_STRICT_PROTOTYPES = YES;
				CLANG_WARN_SUSPICIOUS_MOVE = YES;
				CLANG_WARN_UNGUARDED_AVAILABILITY = YES_AGGRESSIVE;
				CLANG_WARN_UNREACHABLE_CODE = YES;
				CLANG_WARN__DUPLICATE_METHOD_MATCH = YES;
				COPY_PHASE_STRIP = NO;
				DEBUG_INFORMATION_FORMAT = dwarf;
				ENABLE_STRICT_OBJC_MSGSEND = YES;
				ENABLE_TESTABILITY = YES;
				GCC_C_LANGUAGE_STANDARD = gnu11;
				GCC_DYNAMIC_NO_PIC = NO;
				GCC_NO_COMMON_BLOCKS = YES;
				GCC_OPTIMIZATION_LEVEL = 0;
				GCC_PREPROCESSOR_DEFINITIONS = (
					"DEBUG=1",
					"$(inherited)",
				);
				GCC_WARN_64_TO_32_BIT_CONVERSION = YES;
				GCC_WARN_ABOUT_RETURN_TYPE = YES_ERROR;
				GCC_WARN_UNDECLARED_SELECTOR = YES;
				GCC_WARN_UNINITIALIZED_AUTOS = YES_AGGRESSIVE;
				GCC_WARN_UNUSED_FUNCTION = YES;
				GCC_WARN_UNUSED_VARIABLE = YES;
				IPHONEOS_DEPLOYMENT_TARGET = 14.3;
				MTL_ENABLE_DEBUG_INFO = INCLUDE_SOURCE;
				MTL_FAST_MATH = YES;
				ONLY_ACTIVE_ARCH = YES;
				SDKROOT = iphoneos;
				SWIFT_ACTIVE_COMPILATION_CONDITIONS = DEBUG;
				SWIFT_OPTIMIZATION_LEVEL = "-Onone";
			};
			name = Debug;
		};
		E9C6356E25A3C6AD00BA2748 /* Release */ = {
			isa = XCBuildConfiguration;
			baseConfigurationReference = E9F6D4D92646EBA60055AA3E /* ExternalConfig.xcconfig */;
			buildSettings = {
				ALWAYS_SEARCH_USER_PATHS = NO;
				CLANG_ANALYZER_NONNULL = YES;
				CLANG_ANALYZER_NUMBER_OBJECT_CONVERSION = YES_AGGRESSIVE;
				CLANG_CXX_LANGUAGE_STANDARD = "gnu++14";
				CLANG_CXX_LIBRARY = "libc++";
				CLANG_ENABLE_MODULES = YES;
				CLANG_ENABLE_OBJC_ARC = YES;
				CLANG_ENABLE_OBJC_WEAK = YES;
				CLANG_WARN_BLOCK_CAPTURE_AUTORELEASING = YES;
				CLANG_WARN_BOOL_CONVERSION = YES;
				CLANG_WARN_COMMA = YES;
				CLANG_WARN_CONSTANT_CONVERSION = YES;
				CLANG_WARN_DEPRECATED_OBJC_IMPLEMENTATIONS = YES;
				CLANG_WARN_DIRECT_OBJC_ISA_USAGE = YES_ERROR;
				CLANG_WARN_DOCUMENTATION_COMMENTS = YES;
				CLANG_WARN_EMPTY_BODY = YES;
				CLANG_WARN_ENUM_CONVERSION = YES;
				CLANG_WARN_INFINITE_RECURSION = YES;
				CLANG_WARN_INT_CONVERSION = YES;
				CLANG_WARN_NON_LITERAL_NULL_CONVERSION = YES;
				CLANG_WARN_OBJC_IMPLICIT_RETAIN_SELF = YES;
				CLANG_WARN_OBJC_LITERAL_CONVERSION = YES;
				CLANG_WARN_OBJC_ROOT_CLASS = YES_ERROR;
				CLANG_WARN_QUOTED_INCLUDE_IN_FRAMEWORK_HEADER = YES;
				CLANG_WARN_RANGE_LOOP_ANALYSIS = YES;
				CLANG_WARN_STRICT_PROTOTYPES = YES;
				CLANG_WARN_SUSPICIOUS_MOVE = YES;
				CLANG_WARN_UNGUARDED_AVAILABILITY = YES_AGGRESSIVE;
				CLANG_WARN_UNREACHABLE_CODE = YES;
				CLANG_WARN__DUPLICATE_METHOD_MATCH = YES;
				COPY_PHASE_STRIP = NO;
				DEBUG_INFORMATION_FORMAT = "dwarf-with-dsym";
				ENABLE_NS_ASSERTIONS = NO;
				ENABLE_STRICT_OBJC_MSGSEND = YES;
				GCC_C_LANGUAGE_STANDARD = gnu11;
				GCC_NO_COMMON_BLOCKS = YES;
				GCC_WARN_64_TO_32_BIT_CONVERSION = YES;
				GCC_WARN_ABOUT_RETURN_TYPE = YES_ERROR;
				GCC_WARN_UNDECLARED_SELECTOR = YES;
				GCC_WARN_UNINITIALIZED_AUTOS = YES_AGGRESSIVE;
				GCC_WARN_UNUSED_FUNCTION = YES;
				GCC_WARN_UNUSED_VARIABLE = YES;
				IPHONEOS_DEPLOYMENT_TARGET = 14.3;
				MTL_ENABLE_DEBUG_INFO = NO;
				MTL_FAST_MATH = YES;
				SDKROOT = iphoneos;
				SWIFT_COMPILATION_MODE = wholemodule;
				SWIFT_OPTIMIZATION_LEVEL = "-O";
				VALIDATE_PRODUCT = YES;
			};
			name = Release;
		};
		E9C6357025A3C6AD00BA2748 /* Debug */ = {
			isa = XCBuildConfiguration;
			baseConfigurationReference = E9F6D4D92646EBA60055AA3E /* ExternalConfig.xcconfig */;
			buildSettings = {
				ASSETCATALOG_COMPILER_APPICON_NAME = AppIcon;
				ASSETCATALOG_COMPILER_GLOBAL_ACCENT_COLOR_NAME = AccentColor;
				CODE_SIGN_ENTITLEMENTS = Repti/Repti.entitlements;
				CODE_SIGN_STYLE = Automatic;
				DEVELOPMENT_ASSET_PATHS = "\"Repti/Preview Content\"";
				DEVELOPMENT_TEAM = GQE994U6EG;
				ENABLE_PREVIEWS = YES;
				INFOPLIST_FILE = Repti/Info.plist;
				IPHONEOS_DEPLOYMENT_TARGET = 14.0;
				LD_RUNPATH_SEARCH_PATHS = (
					"$(inherited)",
					"@executable_path/Frameworks",
				);
				MARKETING_VERSION = 4;
				PRODUCT_BUNDLE_IDENTIFIER = de.meandmymac.universal.Repti;
				PRODUCT_NAME = "$(TARGET_NAME)";
				SUPPORTS_MACCATALYST = YES;
				SUPPORTS_MAC_DESIGNED_FOR_IPHONE_IPAD = NO;
				SWIFT_VERSION = 5.0;
				TARGETED_DEVICE_FAMILY = "2,6";
			};
			name = Debug;
		};
		E9C6357125A3C6AD00BA2748 /* Release */ = {
			isa = XCBuildConfiguration;
			baseConfigurationReference = E9F6D4D92646EBA60055AA3E /* ExternalConfig.xcconfig */;
			buildSettings = {
				ASSETCATALOG_COMPILER_APPICON_NAME = AppIcon;
				ASSETCATALOG_COMPILER_GLOBAL_ACCENT_COLOR_NAME = AccentColor;
				CODE_SIGN_ENTITLEMENTS = Repti/Repti.entitlements;
				CODE_SIGN_STYLE = Automatic;
				DEVELOPMENT_ASSET_PATHS = "\"Repti/Preview Content\"";
				DEVELOPMENT_TEAM = GQE994U6EG;
				ENABLE_PREVIEWS = YES;
				INFOPLIST_FILE = Repti/Info.plist;
				IPHONEOS_DEPLOYMENT_TARGET = 14.0;
				LD_RUNPATH_SEARCH_PATHS = (
					"$(inherited)",
					"@executable_path/Frameworks",
				);
				MARKETING_VERSION = 4;
				PRODUCT_BUNDLE_IDENTIFIER = de.meandmymac.universal.Repti;
				PRODUCT_NAME = "$(TARGET_NAME)";
				SUPPORTS_MACCATALYST = YES;
				SUPPORTS_MAC_DESIGNED_FOR_IPHONE_IPAD = NO;
				SWIFT_VERSION = 5.0;
				TARGETED_DEVICE_FAMILY = "2,6";
			};
			name = Release;
		};
/* End XCBuildConfiguration section */

/* Begin XCConfigurationList section */
		E9C6355625A3C6AB00BA2748 /* Build configuration list for PBXProject "Repti" */ = {
			isa = XCConfigurationList;
			buildConfigurations = (
				E9C6356D25A3C6AD00BA2748 /* Debug */,
				E9C6356E25A3C6AD00BA2748 /* Release */,
			);
			defaultConfigurationIsVisible = 0;
			defaultConfigurationName = Release;
		};
		E9C6356F25A3C6AD00BA2748 /* Build configuration list for PBXNativeTarget "Repti" */ = {
			isa = XCConfigurationList;
			buildConfigurations = (
				E9C6357025A3C6AD00BA2748 /* Debug */,
				E9C6357125A3C6AD00BA2748 /* Release */,
			);
			defaultConfigurationIsVisible = 0;
			defaultConfigurationName = Release;
		};
/* End XCConfigurationList section */

/* Begin XCRemoteSwiftPackageReference section */
		E91D5A3626433D5000D74507 /* XCRemoteSwiftPackageReference "SwiftUICharts" */ = {
			isa = XCRemoteSwiftPackageReference;
			repositoryURL = "https://github.com/mecid/SwiftUICharts";
			requirement = {
				kind = upToNextMajorVersion;
				minimumVersion = 0.6.2;
			};
		};
		E91D5A3D2645D59500D74507 /* XCRemoteSwiftPackageReference "FeatureFlags" */ = {
			isa = XCRemoteSwiftPackageReference;
			repositoryURL = "https://github.com/rwbutler/FeatureFlags";
			requirement = {
				kind = upToNextMajorVersion;
				minimumVersion = 2.6.2;
			};
		};
		E9979168261ECBFD0047AC27 /* XCRemoteSwiftPackageReference "pure-swift-ui" */ = {
			isa = XCRemoteSwiftPackageReference;
			repositoryURL = "https://github.com/CodeSlicing/pure-swift-ui";
			requirement = {
				kind = upToNextMajorVersion;
				minimumVersion = 2.1.0;
			};
		};
/* End XCRemoteSwiftPackageReference section */

/* Begin XCSwiftPackageProductDependency section */
		E91D5A3726433D5000D74507 /* SwiftUICharts */ = {
			isa = XCSwiftPackageProductDependency;
			package = E91D5A3626433D5000D74507 /* XCRemoteSwiftPackageReference "SwiftUICharts" */;
			productName = SwiftUICharts;
		};
		E91D5A3E2645D59500D74507 /* FeatureFlags */ = {
			isa = XCSwiftPackageProductDependency;
			package = E91D5A3D2645D59500D74507 /* XCRemoteSwiftPackageReference "FeatureFlags" */;
			productName = FeatureFlags;
		};
		E9979169261ECBFD0047AC27 /* PureSwiftUI */ = {
			isa = XCSwiftPackageProductDependency;
			package = E9979168261ECBFD0047AC27 /* XCRemoteSwiftPackageReference "pure-swift-ui" */;
			productName = PureSwiftUI;
		};
/* End XCSwiftPackageProductDependency section */

/* Begin XCVersionGroup section */
		E9C6356925A3C6AD00BA2748 /* Repti.xcdatamodeld */ = {
			isa = XCVersionGroup;
			children = (
				E9CCBBAF25E42EE40056845C /* ReptiV4.xcdatamodel */,
				E9CCBBA525E247D90056845C /* ReptiV3.xcdatamodel */,
				E9CCBBA325E13A530056845C /* ReptiV2.xcdatamodel */,
				E9C6356A25A3C6AD00BA2748 /* Repti.xcdatamodel */,
			);
			currentVersion = E9CCBBA525E247D90056845C /* ReptiV3.xcdatamodel */;
			path = Repti.xcdatamodeld;
			sourceTree = "<group>";
			versionGroupType = wrapper.xcdatamodel;
		};
/* End XCVersionGroup section */
	};
	rootObject = E9C6355325A3C6AB00BA2748 /* Project object */;
}
