// !$*UTF8*$!
{
	archiveVersion = 1;
	classes = {
	};
	objectVersion = 52;
	objects = {

/* Begin PBXBuildFile section */
		E9382FFC25A27D2B00718AFD /* Repti.xcdatamodeld in Sources */ = {isa = PBXBuildFile; fileRef = E9382FFA25A27D2B00718AFD /* Repti.xcdatamodeld */; };
		E9382FFE25A27D2D00718AFD /* Assets.xcassets in Resources */ = {isa = PBXBuildFile; fileRef = E9382FFD25A27D2D00718AFD /* Assets.xcassets */; };
		E938300125A27D2D00718AFD /* LaunchScreen.storyboard in Resources */ = {isa = PBXBuildFile; fileRef = E9382FFF25A27D2D00718AFD /* LaunchScreen.storyboard */; };
		E9C634DA25A2810900BA2748 /* Main-iPad.storyboard in Resources */ = {isa = PBXBuildFile; fileRef = E9C634DC25A2810900BA2748 /* Main-iPad.storyboard */; };
		E9C634DE25A2810F00BA2748 /* Main-iPhone.storyboard in Resources */ = {isa = PBXBuildFile; fileRef = E9C634E025A2810F00BA2748 /* Main-iPhone.storyboard */; };
		E9C634EB25A281F300BA2748 /* AppDelegate.swift in Sources */ = {isa = PBXBuildFile; fileRef = E9C634E825A281F300BA2748 /* AppDelegate.swift */; };
		E9C634EC25A281F300BA2748 /* SceneDelegate.swift in Sources */ = {isa = PBXBuildFile; fileRef = E9C634E925A281F300BA2748 /* SceneDelegate.swift */; };
		E9C634FE25A2837300BA2748 /* Scenes.swift in Sources */ = {isa = PBXBuildFile; fileRef = E9C634FC25A2837300BA2748 /* Scenes.swift */; };
		E9C634FF25A2837300BA2748 /* Segues.swift in Sources */ = {isa = PBXBuildFile; fileRef = E9C634FD25A2837300BA2748 /* Segues.swift */; };
		E9C6350725A2858400BA2748 /* Swinject in Frameworks */ = {isa = PBXBuildFile; productRef = E9C6350625A2858400BA2748 /* Swinject */; };
		E9C6350B25A2866F00BA2748 /* SwinjectAutoregistration in Frameworks */ = {isa = PBXBuildFile; productRef = E9C6350A25A2866F00BA2748 /* SwinjectAutoregistration */; };
		E9C6350E25A286B800BA2748 /* PersistentContainer.swift in Sources */ = {isa = PBXBuildFile; fileRef = E9C6350D25A286B800BA2748 /* PersistentContainer.swift */; };
		E9C6351225A289C200BA2748 /* AppDelegate+Alert.swift in Sources */ = {isa = PBXBuildFile; fileRef = E9C6351125A289C200BA2748 /* AppDelegate+Alert.swift */; };
		E9C6351C25A30F9600BA2748 /* SpeciesEditorView.swift in Sources */ = {isa = PBXBuildFile; fileRef = E9C6351B25A30F9600BA2748 /* SpeciesEditorView.swift */; };
		E9C6352425A3103300BA2748 /* BaseEntity.swift in Sources */ = {isa = PBXBuildFile; fileRef = E9C6351F25A3103300BA2748 /* BaseEntity.swift */; };
		E9C6352525A3103400BA2748 /* Weight.swift in Sources */ = {isa = PBXBuildFile; fileRef = E9C6352025A3103300BA2748 /* Weight.swift */; };
		E9C6352625A3103400BA2748 /* Picture.swift in Sources */ = {isa = PBXBuildFile; fileRef = E9C6352125A3103300BA2748 /* Picture.swift */; };
		E9C6352725A3103400BA2748 /* Individual.swift in Sources */ = {isa = PBXBuildFile; fileRef = E9C6352225A3103300BA2748 /* Individual.swift */; };
		E9C6352825A3103400BA2748 /* Species.swift in Sources */ = {isa = PBXBuildFile; fileRef = E9C6352325A3103300BA2748 /* Species.swift */; };
		E9C6352C25A32CFE00BA2748 /* Model.swift in Sources */ = {isa = PBXBuildFile; fileRef = E9C6352B25A32CFE00BA2748 /* Model.swift */; };
		E9C6354125A34C6600BA2748 /* SpeciesTableViewController.swift in Sources */ = {isa = PBXBuildFile; fileRef = E9C6354025A34C6600BA2748 /* SpeciesTableViewController.swift */; };
		E9C6354625A34CEC00BA2748 /* SpeciesHeaderView.xib in Resources */ = {isa = PBXBuildFile; fileRef = E9C6354825A34CEC00BA2748 /* SpeciesHeaderView.xib */; };
		E9C6354B25A34D3500BA2748 /* SpeciesHeaderView.swift in Sources */ = {isa = PBXBuildFile; fileRef = E9C6354A25A34D3500BA2748 /* SpeciesHeaderView.swift */; };
/* End PBXBuildFile section */

/* Begin PBXFileReference section */
		E9382FEE25A27D2B00718AFD /* Repti.app */ = {isa = PBXFileReference; explicitFileType = wrapper.application; includeInIndex = 0; path = Repti.app; sourceTree = BUILT_PRODUCTS_DIR; };
		E9382FFB25A27D2B00718AFD /* Repti.xcdatamodel */ = {isa = PBXFileReference; lastKnownFileType = wrapper.xcdatamodel; path = Repti.xcdatamodel; sourceTree = "<group>"; };
		E9382FFD25A27D2D00718AFD /* Assets.xcassets */ = {isa = PBXFileReference; lastKnownFileType = folder.assetcatalog; path = Assets.xcassets; sourceTree = "<group>"; };
		E938300025A27D2D00718AFD /* Base */ = {isa = PBXFileReference; lastKnownFileType = file.storyboard; name = Base; path = Base.lproj/LaunchScreen.storyboard; sourceTree = "<group>"; };
		E938300225A27D2D00718AFD /* Info.plist */ = {isa = PBXFileReference; lastKnownFileType = text.plist.xml; path = Info.plist; sourceTree = "<group>"; };
		E9C634D725A2800600BA2748 /* Repti.entitlements */ = {isa = PBXFileReference; lastKnownFileType = text.plist.entitlements; path = Repti.entitlements; sourceTree = "<group>"; };
		E9C634DB25A2810900BA2748 /* Base */ = {isa = PBXFileReference; lastKnownFileType = file.storyboard; name = Base; path = "Base.lproj/Main-iPad.storyboard"; sourceTree = "<group>"; };
		E9C634DF25A2810F00BA2748 /* Base */ = {isa = PBXFileReference; lastKnownFileType = file.storyboard; name = Base; path = "Base.lproj/Main-iPhone.storyboard"; sourceTree = "<group>"; };
		E9C634E825A281F300BA2748 /* AppDelegate.swift */ = {isa = PBXFileReference; fileEncoding = 4; lastKnownFileType = sourcecode.swift; path = AppDelegate.swift; sourceTree = "<group>"; };
		E9C634E925A281F300BA2748 /* SceneDelegate.swift */ = {isa = PBXFileReference; fileEncoding = 4; lastKnownFileType = sourcecode.swift; path = SceneDelegate.swift; sourceTree = "<group>"; };
		E9C634F125A282AC00BA2748 /* README.md */ = {isa = PBXFileReference; lastKnownFileType = net.daringfireball.markdown; path = README.md; sourceTree = "<group>"; };
		E9C634F225A282AC00BA2748 /* swiftgen.yml */ = {isa = PBXFileReference; lastKnownFileType = text.yaml; path = swiftgen.yml; sourceTree = "<group>"; };
		E9C634F325A282AC00BA2748 /* LICENSE */ = {isa = PBXFileReference; lastKnownFileType = text; path = LICENSE; sourceTree = "<group>"; };
		E9C634FC25A2837300BA2748 /* Scenes.swift */ = {isa = PBXFileReference; fileEncoding = 4; lastKnownFileType = sourcecode.swift; path = Scenes.swift; sourceTree = "<group>"; };
		E9C634FD25A2837300BA2748 /* Segues.swift */ = {isa = PBXFileReference; fileEncoding = 4; lastKnownFileType = sourcecode.swift; path = Segues.swift; sourceTree = "<group>"; };
		E9C6350D25A286B800BA2748 /* PersistentContainer.swift */ = {isa = PBXFileReference; lastKnownFileType = sourcecode.swift; path = PersistentContainer.swift; sourceTree = "<group>"; };
		E9C6351125A289C200BA2748 /* AppDelegate+Alert.swift */ = {isa = PBXFileReference; lastKnownFileType = sourcecode.swift; path = "AppDelegate+Alert.swift"; sourceTree = "<group>"; };
		E9C6351625A28C9300BA2748 /* .gitignore */ = {isa = PBXFileReference; lastKnownFileType = text; path = .gitignore; sourceTree = "<group>"; };
		E9C6351B25A30F9600BA2748 /* SpeciesEditorView.swift */ = {isa = PBXFileReference; lastKnownFileType = sourcecode.swift; path = SpeciesEditorView.swift; sourceTree = "<group>"; };
		E9C6351F25A3103300BA2748 /* BaseEntity.swift */ = {isa = PBXFileReference; fileEncoding = 4; lastKnownFileType = sourcecode.swift; path = BaseEntity.swift; sourceTree = "<group>"; };
		E9C6352025A3103300BA2748 /* Weight.swift */ = {isa = PBXFileReference; fileEncoding = 4; lastKnownFileType = sourcecode.swift; path = Weight.swift; sourceTree = "<group>"; };
		E9C6352125A3103300BA2748 /* Picture.swift */ = {isa = PBXFileReference; fileEncoding = 4; lastKnownFileType = sourcecode.swift; path = Picture.swift; sourceTree = "<group>"; };
		E9C6352225A3103300BA2748 /* Individual.swift */ = {isa = PBXFileReference; fileEncoding = 4; lastKnownFileType = sourcecode.swift; path = Individual.swift; sourceTree = "<group>"; };
		E9C6352325A3103300BA2748 /* Species.swift */ = {isa = PBXFileReference; fileEncoding = 4; lastKnownFileType = sourcecode.swift; path = Species.swift; sourceTree = "<group>"; };
		E9C6352B25A32CFE00BA2748 /* Model.swift */ = {isa = PBXFileReference; fileEncoding = 4; lastKnownFileType = sourcecode.swift; path = Model.swift; sourceTree = "<group>"; };
		E9C6352F25A32EA200BA2748 /* coredata.stencil */ = {isa = PBXFileReference; lastKnownFileType = text; path = coredata.stencil; sourceTree = "<group>"; };
		E9C6354025A34C6600BA2748 /* SpeciesTableViewController.swift */ = {isa = PBXFileReference; fileEncoding = 4; lastKnownFileType = sourcecode.swift; path = SpeciesTableViewController.swift; sourceTree = "<group>"; };
		E9C6354725A34CEC00BA2748 /* Base */ = {isa = PBXFileReference; lastKnownFileType = file.xib; name = Base; path = Base.lproj/SpeciesHeaderView.xib; sourceTree = "<group>"; };
		E9C6354A25A34D3500BA2748 /* SpeciesHeaderView.swift */ = {isa = PBXFileReference; lastKnownFileType = sourcecode.swift; path = SpeciesHeaderView.swift; sourceTree = "<group>"; };
/* End PBXFileReference section */

/* Begin PBXFrameworksBuildPhase section */
		E9382FEB25A27D2B00718AFD /* Frameworks */ = {
			isa = PBXFrameworksBuildPhase;
			buildActionMask = 2147483647;
			files = (
				E9C6350725A2858400BA2748 /* Swinject in Frameworks */,
				E9C6350B25A2866F00BA2748 /* SwinjectAutoregistration in Frameworks */,
			);
			runOnlyForDeploymentPostprocessing = 0;
		};
/* End PBXFrameworksBuildPhase section */

/* Begin PBXGroup section */
		E9382FE525A27D2B00718AFD = {
			isa = PBXGroup;
			children = (
				E9C634F325A282AC00BA2748 /* LICENSE */,
				E9C634F125A282AC00BA2748 /* README.md */,
				E9C634F225A282AC00BA2748 /* swiftgen.yml */,
				E9C6351625A28C9300BA2748 /* .gitignore */,
				E9C6352E25A32E7700BA2748 /* swiftgen-templates */,
				E9382FF025A27D2B00718AFD /* Repti */,
				E9382FEF25A27D2B00718AFD /* Products */,
			);
			sourceTree = "<group>";
		};
		E9382FEF25A27D2B00718AFD /* Products */ = {
			isa = PBXGroup;
			children = (
				E9382FEE25A27D2B00718AFD /* Repti.app */,
			);
			name = Products;
			sourceTree = "<group>";
		};
		E9382FF025A27D2B00718AFD /* Repti */ = {
			isa = PBXGroup;
			children = (
				E9C634E225A281F300BA2748 /* Source */,
				E9C634F025A2825500BA2748 /* Storyboards */,
				E9C634EF25A2824A00BA2748 /* Resources */,
			);
			path = Repti;
			sourceTree = "<group>";
		};
		E9C634E225A281F300BA2748 /* Source */ = {
			isa = PBXGroup;
			children = (
				E9C634E325A281F300BA2748 /* Classes */,
			);
			path = Source;
			sourceTree = "<group>";
		};
		E9C634E325A281F300BA2748 /* Classes */ = {
			isa = PBXGroup;
			children = (
				E9C634E725A281F300BA2748 /* Application */,
				E9C634E625A281F300BA2748 /* Persistence */,
				E9C634E425A281F300BA2748 /* UI */,
			);
			path = Classes;
			sourceTree = "<group>";
		};
		E9C634E425A281F300BA2748 /* UI */ = {
			isa = PBXGroup;
			children = (
				E9C6351B25A30F9600BA2748 /* SpeciesEditorView.swift */,
				E9C6353F25A34C6600BA2748 /* SpeciesTableView */,
				E9C634FB25A2837300BA2748 /* Generated */,
			);
			path = UI;
			sourceTree = "<group>";
		};
		E9C634E625A281F300BA2748 /* Persistence */ = {
			isa = PBXGroup;
			children = (
				E9C6350D25A286B800BA2748 /* PersistentContainer.swift */,
				E9C634F625A2836600BA2748 /* Model */,
			);
			path = Persistence;
			sourceTree = "<group>";
		};
		E9C634E725A281F300BA2748 /* Application */ = {
			isa = PBXGroup;
			children = (
				E9C634E825A281F300BA2748 /* AppDelegate.swift */,
				E9C6351125A289C200BA2748 /* AppDelegate+Alert.swift */,
				E9C634E925A281F300BA2748 /* SceneDelegate.swift */,
			);
			path = Application;
			sourceTree = "<group>";
		};
		E9C634EF25A2824A00BA2748 /* Resources */ = {
			isa = PBXGroup;
			children = (
				E9C634D725A2800600BA2748 /* Repti.entitlements */,
				E9382FFD25A27D2D00718AFD /* Assets.xcassets */,
				E938300225A27D2D00718AFD /* Info.plist */,
				E9382FFA25A27D2B00718AFD /* Repti.xcdatamodeld */,
			);
			name = Resources;
			sourceTree = "<group>";
		};
		E9C634F025A2825500BA2748 /* Storyboards */ = {
			isa = PBXGroup;
			children = (
				E9C634E025A2810F00BA2748 /* Main-iPhone.storyboard */,
				E9C634DC25A2810900BA2748 /* Main-iPad.storyboard */,
				E9382FFF25A27D2D00718AFD /* LaunchScreen.storyboard */,
				E9C6354825A34CEC00BA2748 /* SpeciesHeaderView.xib */,
			);
			name = Storyboards;
			sourceTree = "<group>";
		};
		E9C634F625A2836600BA2748 /* Model */ = {
			isa = PBXGroup;
			children = (
				E9C6351F25A3103300BA2748 /* BaseEntity.swift */,
				E9C6352225A3103300BA2748 /* Individual.swift */,
				E9C6352125A3103300BA2748 /* Picture.swift */,
				E9C6352325A3103300BA2748 /* Species.swift */,
				E9C6352025A3103300BA2748 /* Weight.swift */,
				E9C634F725A2836600BA2748 /* Generated */,
			);
			path = Model;
			sourceTree = "<group>";
		};
		E9C634F725A2836600BA2748 /* Generated */ = {
			isa = PBXGroup;
			children = (
				E9C6352B25A32CFE00BA2748 /* Model.swift */,
			);
			path = Generated;
			sourceTree = "<group>";
		};
		E9C634FB25A2837300BA2748 /* Generated */ = {
			isa = PBXGroup;
			children = (
				E9C634FC25A2837300BA2748 /* Scenes.swift */,
				E9C634FD25A2837300BA2748 /* Segues.swift */,
			);
			path = Generated;
			sourceTree = "<group>";
		};
		E9C6352E25A32E7700BA2748 /* swiftgen-templates */ = {
			isa = PBXGroup;
			children = (
				E9C6352F25A32EA200BA2748 /* coredata.stencil */,
			);
			path = "swiftgen-templates";
			sourceTree = "<group>";
		};
		E9C6353F25A34C6600BA2748 /* SpeciesTableView */ = {
			isa = PBXGroup;
			children = (
				E9C6354025A34C6600BA2748 /* SpeciesTableViewController.swift */,
				E9C6354A25A34D3500BA2748 /* SpeciesHeaderView.swift */,
			);
			path = SpeciesTableView;
			sourceTree = "<group>";
		};
/* End PBXGroup section */

/* Begin PBXNativeTarget section */
		E9382FED25A27D2B00718AFD /* Repti */ = {
			isa = PBXNativeTarget;
			buildConfigurationList = E938300525A27D2D00718AFD /* Build configuration list for PBXNativeTarget "Repti" */;
			buildPhases = (
				E9C634F425A2832600BA2748 /* swiftgen */,
				E9382FEA25A27D2B00718AFD /* Sources */,
				E9382FEB25A27D2B00718AFD /* Frameworks */,
				E9382FEC25A27D2B00718AFD /* Resources */,
			);
			buildRules = (
			);
			dependencies = (
			);
			name = Repti;
			packageProductDependencies = (
				E9C6350625A2858400BA2748 /* Swinject */,
				E9C6350A25A2866F00BA2748 /* SwinjectAutoregistration */,
			);
			productName = Repti;
			productReference = E9382FEE25A27D2B00718AFD /* Repti.app */;
			productType = "com.apple.product-type.application";
		};
/* End PBXNativeTarget section */

/* Begin PBXProject section */
		E9382FE625A27D2B00718AFD /* Project object */ = {
			isa = PBXProject;
			attributes = {
				LastSwiftUpdateCheck = 1230;
				LastUpgradeCheck = 1230;
				TargetAttributes = {
					E9382FED25A27D2B00718AFD = {
						CreatedOnToolsVersion = 12.3;
					};
				};
			};
			buildConfigurationList = E9382FE925A27D2B00718AFD /* Build configuration list for PBXProject "Repti" */;
			compatibilityVersion = "Xcode 9.3";
			developmentRegion = en;
			hasScannedForEncodings = 0;
			knownRegions = (
				en,
				Base,
			);
			mainGroup = E9382FE525A27D2B00718AFD;
			packageReferences = (
				E9C6350125A2853600BA2748 /* XCRemoteSwiftPackageReference "Quick" */,
				E9C6350325A2856600BA2748 /* XCRemoteSwiftPackageReference "Nimble" */,
				E9C6350525A2858400BA2748 /* XCRemoteSwiftPackageReference "Swinject" */,
				E9C6350925A2866F00BA2748 /* XCRemoteSwiftPackageReference "SwinjectAutoregistration" */,
			);
			productRefGroup = E9382FEF25A27D2B00718AFD /* Products */;
			projectDirPath = "";
			projectRoot = "";
			targets = (
				E9382FED25A27D2B00718AFD /* Repti */,
			);
		};
/* End PBXProject section */

/* Begin PBXResourcesBuildPhase section */
		E9382FEC25A27D2B00718AFD /* Resources */ = {
			isa = PBXResourcesBuildPhase;
			buildActionMask = 2147483647;
			files = (
				E938300125A27D2D00718AFD /* LaunchScreen.storyboard in Resources */,
				E9382FFE25A27D2D00718AFD /* Assets.xcassets in Resources */,
				E9C634DE25A2810F00BA2748 /* Main-iPhone.storyboard in Resources */,
				E9C634DA25A2810900BA2748 /* Main-iPad.storyboard in Resources */,
				E9C6354625A34CEC00BA2748 /* SpeciesHeaderView.xib in Resources */,
			);
			runOnlyForDeploymentPostprocessing = 0;
		};
/* End PBXResourcesBuildPhase section */

/* Begin PBXShellScriptBuildPhase section */
		E9C634F425A2832600BA2748 /* swiftgen */ = {
			isa = PBXShellScriptBuildPhase;
			buildActionMask = 2147483647;
			files = (
			);
			inputFileListPaths = (
			);
			inputPaths = (
			);
			name = swiftgen;
			outputFileListPaths = (
			);
			outputPaths = (
			);
			runOnlyForDeploymentPostprocessing = 0;
			shellPath = /bin/sh;
			shellScript = "if which swiftgen >/dev/null; then\n  swiftgen\nelse\n  echo \"error: SwiftGen not installed, download it from https://github.com/SwiftGen/SwiftGen\"\nfi\n";
		};
/* End PBXShellScriptBuildPhase section */

/* Begin PBXSourcesBuildPhase section */
		E9382FEA25A27D2B00718AFD /* Sources */ = {
			isa = PBXSourcesBuildPhase;
			buildActionMask = 2147483647;
			files = (
				E9C6352C25A32CFE00BA2748 /* Model.swift in Sources */,
				E9C6350E25A286B800BA2748 /* PersistentContainer.swift in Sources */,
				E9C6354B25A34D3500BA2748 /* SpeciesHeaderView.swift in Sources */,
				E9C634EB25A281F300BA2748 /* AppDelegate.swift in Sources */,
				E9C6351225A289C200BA2748 /* AppDelegate+Alert.swift in Sources */,
				E9C634FE25A2837300BA2748 /* Scenes.swift in Sources */,
				E9C6352725A3103400BA2748 /* Individual.swift in Sources */,
				E9C6352425A3103300BA2748 /* BaseEntity.swift in Sources */,
				E9C634FF25A2837300BA2748 /* Segues.swift in Sources */,
				E9382FFC25A27D2B00718AFD /* Repti.xcdatamodeld in Sources */,
				E9C6354125A34C6600BA2748 /* SpeciesTableViewController.swift in Sources */,
				E9C6351C25A30F9600BA2748 /* SpeciesEditorView.swift in Sources */,
				E9C6352625A3103400BA2748 /* Picture.swift in Sources */,
				E9C634EC25A281F300BA2748 /* SceneDelegate.swift in Sources */,
				E9C6352825A3103400BA2748 /* Species.swift in Sources */,
				E9C6352525A3103400BA2748 /* Weight.swift in Sources */,
			);
			runOnlyForDeploymentPostprocessing = 0;
		};
/* End PBXSourcesBuildPhase section */

/* Begin PBXVariantGroup section */
		E9382FFF25A27D2D00718AFD /* LaunchScreen.storyboard */ = {
			isa = PBXVariantGroup;
			children = (
				E938300025A27D2D00718AFD /* Base */,
			);
			name = LaunchScreen.storyboard;
			sourceTree = "<group>";
		};
		E9C634DC25A2810900BA2748 /* Main-iPad.storyboard */ = {
			isa = PBXVariantGroup;
			children = (
				E9C634DB25A2810900BA2748 /* Base */,
			);
			name = "Main-iPad.storyboard";
			sourceTree = "<group>";
		};
		E9C634E025A2810F00BA2748 /* Main-iPhone.storyboard */ = {
			isa = PBXVariantGroup;
			children = (
				E9C634DF25A2810F00BA2748 /* Base */,
			);
			name = "Main-iPhone.storyboard";
			sourceTree = "<group>";
		};
		E9C6354825A34CEC00BA2748 /* SpeciesHeaderView.xib */ = {
			isa = PBXVariantGroup;
			children = (
				E9C6354725A34CEC00BA2748 /* Base */,
			);
			name = SpeciesHeaderView.xib;
			sourceTree = "<group>";
		};
/* End PBXVariantGroup section */

/* Begin XCBuildConfiguration section */
		E938300325A27D2D00718AFD /* Debug */ = {
			isa = XCBuildConfiguration;
			buildSettings = {
				ALWAYS_SEARCH_USER_PATHS = NO;
				CLANG_ANALYZER_NONNULL = YES;
				CLANG_ANALYZER_NUMBER_OBJECT_CONVERSION = YES_AGGRESSIVE;
				CLANG_CXX_LANGUAGE_STANDARD = "gnu++14";
				CLANG_CXX_LIBRARY = "libc++";
				CLANG_ENABLE_MODULES = YES;
				CLANG_ENABLE_OBJC_ARC = YES;
				CLANG_ENABLE_OBJC_WEAK = YES;
				CLANG_WARN_BLOCK_CAPTURE_AUTORELEASING = YES;
				CLANG_WARN_BOOL_CONVERSION = YES;
				CLANG_WARN_COMMA = YES;
				CLANG_WARN_CONSTANT_CONVERSION = YES;
				CLANG_WARN_DEPRECATED_OBJC_IMPLEMENTATIONS = YES;
				CLANG_WARN_DIRECT_OBJC_ISA_USAGE = YES_ERROR;
				CLANG_WARN_DOCUMENTATION_COMMENTS = YES;
				CLANG_WARN_EMPTY_BODY = YES;
				CLANG_WARN_ENUM_CONVERSION = YES;
				CLANG_WARN_INFINITE_RECURSION = YES;
				CLANG_WARN_INT_CONVERSION = YES;
				CLANG_WARN_NON_LITERAL_NULL_CONVERSION = YES;
				CLANG_WARN_OBJC_IMPLICIT_RETAIN_SELF = YES;
				CLANG_WARN_OBJC_LITERAL_CONVERSION = YES;
				CLANG_WARN_OBJC_ROOT_CLASS = YES_ERROR;
				CLANG_WARN_QUOTED_INCLUDE_IN_FRAMEWORK_HEADER = YES;
				CLANG_WARN_RANGE_LOOP_ANALYSIS = YES;
				CLANG_WARN_STRICT_PROTOTYPES = YES;
				CLANG_WARN_SUSPICIOUS_MOVE = YES;
				CLANG_WARN_UNGUARDED_AVAILABILITY = YES_AGGRESSIVE;
				CLANG_WARN_UNREACHABLE_CODE = YES;
				CLANG_WARN__DUPLICATE_METHOD_MATCH = YES;
				COPY_PHASE_STRIP = NO;
				DEBUG_INFORMATION_FORMAT = dwarf;
				ENABLE_STRICT_OBJC_MSGSEND = YES;
				ENABLE_TESTABILITY = YES;
				GCC_C_LANGUAGE_STANDARD = gnu11;
				GCC_DYNAMIC_NO_PIC = NO;
				GCC_NO_COMMON_BLOCKS = YES;
				GCC_OPTIMIZATION_LEVEL = 0;
				GCC_PREPROCESSOR_DEFINITIONS = (
					"DEBUG=1",
					"$(inherited)",
				);
				GCC_WARN_64_TO_32_BIT_CONVERSION = YES;
				GCC_WARN_ABOUT_RETURN_TYPE = YES_ERROR;
				GCC_WARN_UNDECLARED_SELECTOR = YES;
				GCC_WARN_UNINITIALIZED_AUTOS = YES_AGGRESSIVE;
				GCC_WARN_UNUSED_FUNCTION = YES;
				GCC_WARN_UNUSED_VARIABLE = YES;
				IPHONEOS_DEPLOYMENT_TARGET = 14.3;
				MTL_ENABLE_DEBUG_INFO = INCLUDE_SOURCE;
				MTL_FAST_MATH = YES;
				ONLY_ACTIVE_ARCH = YES;
				SDKROOT = iphoneos;
				SWIFT_ACTIVE_COMPILATION_CONDITIONS = DEBUG;
				SWIFT_OPTIMIZATION_LEVEL = "-Onone";
			};
			name = Debug;
		};
		E938300425A27D2D00718AFD /* Release */ = {
			isa = XCBuildConfiguration;
			buildSettings = {
				ALWAYS_SEARCH_USER_PATHS = NO;
				CLANG_ANALYZER_NONNULL = YES;
				CLANG_ANALYZER_NUMBER_OBJECT_CONVERSION = YES_AGGRESSIVE;
				CLANG_CXX_LANGUAGE_STANDARD = "gnu++14";
				CLANG_CXX_LIBRARY = "libc++";
				CLANG_ENABLE_MODULES = YES;
				CLANG_ENABLE_OBJC_ARC = YES;
				CLANG_ENABLE_OBJC_WEAK = YES;
				CLANG_WARN_BLOCK_CAPTURE_AUTORELEASING = YES;
				CLANG_WARN_BOOL_CONVERSION = YES;
				CLANG_WARN_COMMA = YES;
				CLANG_WARN_CONSTANT_CONVERSION = YES;
				CLANG_WARN_DEPRECATED_OBJC_IMPLEMENTATIONS = YES;
				CLANG_WARN_DIRECT_OBJC_ISA_USAGE = YES_ERROR;
				CLANG_WARN_DOCUMENTATION_COMMENTS = YES;
				CLANG_WARN_EMPTY_BODY = YES;
				CLANG_WARN_ENUM_CONVERSION = YES;
				CLANG_WARN_INFINITE_RECURSION = YES;
				CLANG_WARN_INT_CONVERSION = YES;
				CLANG_WARN_NON_LITERAL_NULL_CONVERSION = YES;
				CLANG_WARN_OBJC_IMPLICIT_RETAIN_SELF = YES;
				CLANG_WARN_OBJC_LITERAL_CONVERSION = YES;
				CLANG_WARN_OBJC_ROOT_CLASS = YES_ERROR;
				CLANG_WARN_QUOTED_INCLUDE_IN_FRAMEWORK_HEADER = YES;
				CLANG_WARN_RANGE_LOOP_ANALYSIS = YES;
				CLANG_WARN_STRICT_PROTOTYPES = YES;
				CLANG_WARN_SUSPICIOUS_MOVE = YES;
				CLANG_WARN_UNGUARDED_AVAILABILITY = YES_AGGRESSIVE;
				CLANG_WARN_UNREACHABLE_CODE = YES;
				CLANG_WARN__DUPLICATE_METHOD_MATCH = YES;
				COPY_PHASE_STRIP = NO;
				DEBUG_INFORMATION_FORMAT = "dwarf-with-dsym";
				ENABLE_NS_ASSERTIONS = NO;
				ENABLE_STRICT_OBJC_MSGSEND = YES;
				GCC_C_LANGUAGE_STANDARD = gnu11;
				GCC_NO_COMMON_BLOCKS = YES;
				GCC_WARN_64_TO_32_BIT_CONVERSION = YES;
				GCC_WARN_ABOUT_RETURN_TYPE = YES_ERROR;
				GCC_WARN_UNDECLARED_SELECTOR = YES;
				GCC_WARN_UNINITIALIZED_AUTOS = YES_AGGRESSIVE;
				GCC_WARN_UNUSED_FUNCTION = YES;
				GCC_WARN_UNUSED_VARIABLE = YES;
				IPHONEOS_DEPLOYMENT_TARGET = 14.3;
				MTL_ENABLE_DEBUG_INFO = NO;
				MTL_FAST_MATH = YES;
				SDKROOT = iphoneos;
				SWIFT_COMPILATION_MODE = wholemodule;
				SWIFT_OPTIMIZATION_LEVEL = "-O";
				VALIDATE_PRODUCT = YES;
			};
			name = Release;
		};
		E938300625A27D2D00718AFD /* Debug */ = {
			isa = XCBuildConfiguration;
			buildSettings = {
				ASSETCATALOG_COMPILER_APPICON_NAME = AppIcon;
				ASSETCATALOG_COMPILER_GLOBAL_ACCENT_COLOR_NAME = AccentColor;
				CODE_SIGN_ENTITLEMENTS = Repti/Repti.entitlements;
				CODE_SIGN_STYLE = Automatic;
				DEVELOPMENT_TEAM = GQE994U6EG;
				INFOPLIST_FILE = Repti/Info.plist;
				LD_RUNPATH_SEARCH_PATHS = (
					"$(inherited)",
					"@executable_path/Frameworks",
				);
				PRODUCT_BUNDLE_IDENTIFIER = de.meandmymac.universal.Repti;
				PRODUCT_NAME = "$(TARGET_NAME)";
				SUPPORTS_MACCATALYST = YES;
				SWIFT_VERSION = 5.0;
				TARGETED_DEVICE_FAMILY = "1,2,6";
			};
			name = Debug;
		};
		E938300725A27D2D00718AFD /* Release */ = {
			isa = XCBuildConfiguration;
			buildSettings = {
				ASSETCATALOG_COMPILER_APPICON_NAME = AppIcon;
				ASSETCATALOG_COMPILER_GLOBAL_ACCENT_COLOR_NAME = AccentColor;
				CODE_SIGN_ENTITLEMENTS = Repti/Repti.entitlements;
				CODE_SIGN_STYLE = Automatic;
				DEVELOPMENT_TEAM = GQE994U6EG;
				INFOPLIST_FILE = Repti/Info.plist;
				LD_RUNPATH_SEARCH_PATHS = (
					"$(inherited)",
					"@executable_path/Frameworks",
				);
				PRODUCT_BUNDLE_IDENTIFIER = de.meandmymac.universal.Repti;
				PRODUCT_NAME = "$(TARGET_NAME)";
				SUPPORTS_MACCATALYST = YES;
				SWIFT_VERSION = 5.0;
				TARGETED_DEVICE_FAMILY = "1,2,6";
			};
			name = Release;
		};
/* End XCBuildConfiguration section */

/* Begin XCConfigurationList section */
		E9382FE925A27D2B00718AFD /* Build configuration list for PBXProject "Repti" */ = {
			isa = XCConfigurationList;
			buildConfigurations = (
				E938300325A27D2D00718AFD /* Debug */,
				E938300425A27D2D00718AFD /* Release */,
			);
			defaultConfigurationIsVisible = 0;
			defaultConfigurationName = Release;
		};
		E938300525A27D2D00718AFD /* Build configuration list for PBXNativeTarget "Repti" */ = {
			isa = XCConfigurationList;
			buildConfigurations = (
				E938300625A27D2D00718AFD /* Debug */,
				E938300725A27D2D00718AFD /* Release */,
			);
			defaultConfigurationIsVisible = 0;
			defaultConfigurationName = Release;
		};
/* End XCConfigurationList section */

/* Begin XCRemoteSwiftPackageReference section */
		E9C6350125A2853600BA2748 /* XCRemoteSwiftPackageReference "Quick" */ = {
			isa = XCRemoteSwiftPackageReference;
			repositoryURL = "https://github.com/Quick/Quick";
			requirement = {
				kind = upToNextMajorVersion;
				minimumVersion = 3.0.0;
			};
		};
		E9C6350325A2856600BA2748 /* XCRemoteSwiftPackageReference "Nimble" */ = {
			isa = XCRemoteSwiftPackageReference;
			repositoryURL = "https://github.com/Quick/Nimble";
			requirement = {
				kind = upToNextMajorVersion;
				minimumVersion = 9.0.0;
			};
		};
		E9C6350525A2858400BA2748 /* XCRemoteSwiftPackageReference "Swinject" */ = {
			isa = XCRemoteSwiftPackageReference;
			repositoryURL = "https://github.com/Swinject/Swinject";
			requirement = {
				kind = upToNextMajorVersion;
				minimumVersion = 2.7.1;
			};
		};
		E9C6350925A2866F00BA2748 /* XCRemoteSwiftPackageReference "SwinjectAutoregistration" */ = {
			isa = XCRemoteSwiftPackageReference;
			repositoryURL = "https://github.com/Swinject/SwinjectAutoregistration";
			requirement = {
				kind = upToNextMajorVersion;
				minimumVersion = 2.7.0;
			};
		};
/* End XCRemoteSwiftPackageReference section */

/* Begin XCSwiftPackageProductDependency section */
		E9C6350625A2858400BA2748 /* Swinject */ = {
			isa = XCSwiftPackageProductDependency;
			package = E9C6350525A2858400BA2748 /* XCRemoteSwiftPackageReference "Swinject" */;
			productName = Swinject;
		};
		E9C6350A25A2866F00BA2748 /* SwinjectAutoregistration */ = {
			isa = XCSwiftPackageProductDependency;
			package = E9C6350925A2866F00BA2748 /* XCRemoteSwiftPackageReference "SwinjectAutoregistration" */;
			productName = SwinjectAutoregistration;
		};
/* End XCSwiftPackageProductDependency section */

/* Begin XCVersionGroup section */
		E9382FFA25A27D2B00718AFD /* Repti.xcdatamodeld */ = {
			isa = XCVersionGroup;
			children = (
				E9382FFB25A27D2B00718AFD /* Repti.xcdatamodel */,
			);
			currentVersion = E9382FFB25A27D2B00718AFD /* Repti.xcdatamodel */;
			path = Repti.xcdatamodeld;
			sourceTree = "<group>";
			versionGroupType = wrapper.xcdatamodel;
		};
/* End XCVersionGroup section */
	};
	rootObject = E9382FE625A27D2B00718AFD /* Project object */;
}
