// !$*UTF8*$!
{
	archiveVersion = 1;
	classes = {
	};
	objectVersion = 52;
	objects = {

/* Begin PBXBuildFile section */
		E9EE9B2725744ABD003DF0BC /* ViewController.swift in Sources */ = {isa = PBXBuildFile; fileRef = E9EE9B2325744ABD003DF0BC /* ViewController.swift */; };
		E9EE9B2825744ABD003DF0BC /* AppDelegate.swift in Sources */ = {isa = PBXBuildFile; fileRef = E9EE9B2525744ABD003DF0BC /* AppDelegate.swift */; };
		E9EE9B2925744ABD003DF0BC /* SceneDelegate.swift in Sources */ = {isa = PBXBuildFile; fileRef = E9EE9B2625744ABD003DF0BC /* SceneDelegate.swift */; };
		E9EE9B5525751072003DF0BC /* Model.swift in Sources */ = {isa = PBXBuildFile; fileRef = E9EE9B5425751072003DF0BC /* Model.swift */; };
		E9EE9B5B25760C94003DF0BC /* Individual.swift in Sources */ = {isa = PBXBuildFile; fileRef = E9EE9B5A25760C94003DF0BC /* Individual.swift */; };
		E9EE9B6025760F4D003DF0BC /* CoreDataStore.swift in Sources */ = {isa = PBXBuildFile; fileRef = E9EE9B5F25760F4D003DF0BC /* CoreDataStore.swift */; };
		E9EE9B6925761534003DF0BC /* Quick in Frameworks */ = {isa = PBXBuildFile; productRef = E9EE9B6825761534003DF0BC /* Quick */; };
		E9EE9B6F25761564003DF0BC /* Nimble in Frameworks */ = {isa = PBXBuildFile; productRef = E9EE9B6E25761564003DF0BC /* Nimble */; };
		E9EE9B78257617C8003DF0BC /* PersistenceSpec.swift in Sources */ = {isa = PBXBuildFile; fileRef = E9EE9B77257617C8003DF0BC /* PersistenceSpec.swift */; };
		E9EE9B80257633EE003DF0BC /* BaseEntity.swift in Sources */ = {isa = PBXBuildFile; fileRef = E9EE9B7F257633EE003DF0BC /* BaseEntity.swift */; };
		E9EE9B88257658F7003DF0BC /* Species.swift in Sources */ = {isa = PBXBuildFile; fileRef = E9EE9B87257658F7003DF0BC /* Species.swift */; };
		E9EE9B8D2576B8DA003DF0BC /* Picture.swift in Sources */ = {isa = PBXBuildFile; fileRef = E9EE9B8C2576B8DA003DF0BC /* Picture.swift */; };
		E9EE9B922576B91D003DF0BC /* Weight.swift in Sources */ = {isa = PBXBuildFile; fileRef = E9EE9B912576B91D003DF0BC /* Weight.swift */; };
		E9F8DC40257448CE0030842E /* Main.storyboard in Resources */ = {isa = PBXBuildFile; fileRef = E9F8DC3E257448CE0030842E /* Main.storyboard */; };
		E9F8DC43257448CE0030842E /* repti.xcdatamodeld in Sources */ = {isa = PBXBuildFile; fileRef = E9F8DC41257448CE0030842E /* repti.xcdatamodeld */; };
		E9F8DC45257448CF0030842E /* Assets.xcassets in Resources */ = {isa = PBXBuildFile; fileRef = E9F8DC44257448CF0030842E /* Assets.xcassets */; };
		E9F8DC48257448CF0030842E /* LaunchScreen.storyboard in Resources */ = {isa = PBXBuildFile; fileRef = E9F8DC46257448CF0030842E /* LaunchScreen.storyboard */; };
		E9F8DC53257448CF0030842E /* reptiTests.swift in Sources */ = {isa = PBXBuildFile; fileRef = E9F8DC52257448CF0030842E /* reptiTests.swift */; };
		E9F8DC5E257448CF0030842E /* reptiUITests.swift in Sources */ = {isa = PBXBuildFile; fileRef = E9F8DC5D257448CF0030842E /* reptiUITests.swift */; };
/* End PBXBuildFile section */

/* Begin PBXContainerItemProxy section */
		E9F8DC4F257448CF0030842E /* PBXContainerItemProxy */ = {
			isa = PBXContainerItemProxy;
			containerPortal = E9F8DC2D257448CE0030842E /* Project object */;
			proxyType = 1;
			remoteGlobalIDString = E9F8DC34257448CE0030842E;
			remoteInfo = repti;
		};
		E9F8DC5A257448CF0030842E /* PBXContainerItemProxy */ = {
			isa = PBXContainerItemProxy;
			containerPortal = E9F8DC2D257448CE0030842E /* Project object */;
			proxyType = 1;
			remoteGlobalIDString = E9F8DC34257448CE0030842E;
			remoteInfo = repti;
		};
/* End PBXContainerItemProxy section */

/* Begin PBXFileReference section */
		E9EE9B1625744A2E003DF0BC /* repti.entitlements */ = {isa = PBXFileReference; lastKnownFileType = text.plist.entitlements; path = repti.entitlements; sourceTree = "<group>"; };
		E9EE9B2325744ABD003DF0BC /* ViewController.swift */ = {isa = PBXFileReference; fileEncoding = 4; lastKnownFileType = sourcecode.swift; path = ViewController.swift; sourceTree = "<group>"; };
		E9EE9B2525744ABD003DF0BC /* AppDelegate.swift */ = {isa = PBXFileReference; fileEncoding = 4; lastKnownFileType = sourcecode.swift; path = AppDelegate.swift; sourceTree = "<group>"; };
		E9EE9B2625744ABD003DF0BC /* SceneDelegate.swift */ = {isa = PBXFileReference; fileEncoding = 4; lastKnownFileType = sourcecode.swift; path = SceneDelegate.swift; sourceTree = "<group>"; };
		E9EE9B332574BD40003DF0BC /* LICENSE */ = {isa = PBXFileReference; lastKnownFileType = text; path = LICENSE; sourceTree = "<group>"; };
		E9EE9B342574BD40003DF0BC /* README.md */ = {isa = PBXFileReference; lastKnownFileType = net.daringfireball.markdown; path = README.md; sourceTree = "<group>"; };
		E9EE9B402574C280003DF0BC /* .travis.yml */ = {isa = PBXFileReference; lastKnownFileType = text.yaml; path = .travis.yml; sourceTree = "<group>"; };
		E9EE9B482574C883003DF0BC /* travis-build.plist */ = {isa = PBXFileReference; lastKnownFileType = text.plist.xml; path = "travis-build.plist"; sourceTree = "<group>"; };
		E9EE9B4C25750FCF003DF0BC /* swiftgen.yml */ = {isa = PBXFileReference; lastKnownFileType = text.yaml; path = swiftgen.yml; sourceTree = "<group>"; };
		E9EE9B5425751072003DF0BC /* Model.swift */ = {isa = PBXFileReference; fileEncoding = 4; lastKnownFileType = sourcecode.swift; path = Model.swift; sourceTree = "<group>"; };
		E9EE9B5A25760C94003DF0BC /* Individual.swift */ = {isa = PBXFileReference; lastKnownFileType = sourcecode.swift; path = Individual.swift; sourceTree = "<group>"; };
		E9EE9B5F25760F4D003DF0BC /* CoreDataStore.swift */ = {isa = PBXFileReference; lastKnownFileType = sourcecode.swift; path = CoreDataStore.swift; sourceTree = "<group>"; };
		E9EE9B77257617C8003DF0BC /* PersistenceSpec.swift */ = {isa = PBXFileReference; lastKnownFileType = sourcecode.swift; path = PersistenceSpec.swift; sourceTree = "<group>"; };
		E9EE9B7F257633EE003DF0BC /* BaseEntity.swift */ = {isa = PBXFileReference; lastKnownFileType = sourcecode.swift; path = BaseEntity.swift; sourceTree = "<group>"; };
		E9EE9B87257658F7003DF0BC /* Species.swift */ = {isa = PBXFileReference; lastKnownFileType = sourcecode.swift; path = Species.swift; sourceTree = "<group>"; };
		E9EE9B8C2576B8DA003DF0BC /* Picture.swift */ = {isa = PBXFileReference; lastKnownFileType = sourcecode.swift; path = Picture.swift; sourceTree = "<group>"; };
		E9EE9B912576B91D003DF0BC /* Weight.swift */ = {isa = PBXFileReference; lastKnownFileType = sourcecode.swift; path = Weight.swift; sourceTree = "<group>"; };
		E9F8DC35257448CE0030842E /* repti.app */ = {isa = PBXFileReference; explicitFileType = wrapper.application; includeInIndex = 0; path = repti.app; sourceTree = BUILT_PRODUCTS_DIR; };
		E9F8DC3F257448CE0030842E /* Base */ = {isa = PBXFileReference; lastKnownFileType = file.storyboard; name = Base; path = Base.lproj/Main.storyboard; sourceTree = "<group>"; };
		E9F8DC42257448CE0030842E /* repti.xcdatamodel */ = {isa = PBXFileReference; lastKnownFileType = wrapper.xcdatamodel; path = repti.xcdatamodel; sourceTree = "<group>"; };
		E9F8DC44257448CF0030842E /* Assets.xcassets */ = {isa = PBXFileReference; lastKnownFileType = folder.assetcatalog; path = Assets.xcassets; sourceTree = "<group>"; };
		E9F8DC47257448CF0030842E /* Base */ = {isa = PBXFileReference; lastKnownFileType = file.storyboard; name = Base; path = Base.lproj/LaunchScreen.storyboard; sourceTree = "<group>"; };
		E9F8DC49257448CF0030842E /* Info.plist */ = {isa = PBXFileReference; lastKnownFileType = text.plist.xml; path = Info.plist; sourceTree = "<group>"; };
		E9F8DC4E257448CF0030842E /* reptiTests.xctest */ = {isa = PBXFileReference; explicitFileType = wrapper.cfbundle; includeInIndex = 0; path = reptiTests.xctest; sourceTree = BUILT_PRODUCTS_DIR; };
		E9F8DC52257448CF0030842E /* reptiTests.swift */ = {isa = PBXFileReference; lastKnownFileType = sourcecode.swift; path = reptiTests.swift; sourceTree = "<group>"; };
		E9F8DC54257448CF0030842E /* Info.plist */ = {isa = PBXFileReference; lastKnownFileType = text.plist.xml; path = Info.plist; sourceTree = "<group>"; };
		E9F8DC59257448CF0030842E /* reptiUITests.xctest */ = {isa = PBXFileReference; explicitFileType = wrapper.cfbundle; includeInIndex = 0; path = reptiUITests.xctest; sourceTree = BUILT_PRODUCTS_DIR; };
		E9F8DC5D257448CF0030842E /* reptiUITests.swift */ = {isa = PBXFileReference; lastKnownFileType = sourcecode.swift; path = reptiUITests.swift; sourceTree = "<group>"; };
		E9F8DC5F257448CF0030842E /* Info.plist */ = {isa = PBXFileReference; lastKnownFileType = text.plist.xml; path = Info.plist; sourceTree = "<group>"; };
/* End PBXFileReference section */

/* Begin PBXFrameworksBuildPhase section */
		E9F8DC32257448CE0030842E /* Frameworks */ = {
			isa = PBXFrameworksBuildPhase;
			buildActionMask = 2147483647;
			files = (
			);
			runOnlyForDeploymentPostprocessing = 0;
		};
		E9F8DC4B257448CF0030842E /* Frameworks */ = {
			isa = PBXFrameworksBuildPhase;
			buildActionMask = 2147483647;
			files = (
				E9EE9B6925761534003DF0BC /* Quick in Frameworks */,
				E9EE9B6F25761564003DF0BC /* Nimble in Frameworks */,
			);
			runOnlyForDeploymentPostprocessing = 0;
		};
		E9F8DC56257448CF0030842E /* Frameworks */ = {
			isa = PBXFrameworksBuildPhase;
			buildActionMask = 2147483647;
			files = (
			);
			runOnlyForDeploymentPostprocessing = 0;
		};
/* End PBXFrameworksBuildPhase section */

/* Begin PBXGroup section */
		E9EE9B2025744ABD003DF0BC /* Source */ = {
			isa = PBXGroup;
			children = (
				E9EE9B2125744ABD003DF0BC /* Classes */,
			);
			path = Source;
			sourceTree = "<group>";
		};
		E9EE9B2125744ABD003DF0BC /* Classes */ = {
			isa = PBXGroup;
			children = (
				E9EE9B2425744ABD003DF0BC /* Application */,
				E9EE9B5125751072003DF0BC /* Persistence */,
				E9EE9B2225744ABD003DF0BC /* UI */,
			);
			path = Classes;
			sourceTree = "<group>";
		};
		E9EE9B2225744ABD003DF0BC /* UI */ = {
			isa = PBXGroup;
			children = (
				E9EE9B2325744ABD003DF0BC /* ViewController.swift */,
			);
			path = UI;
			sourceTree = "<group>";
		};
		E9EE9B2425744ABD003DF0BC /* Application */ = {
			isa = PBXGroup;
			children = (
				E9EE9B2525744ABD003DF0BC /* AppDelegate.swift */,
				E9EE9B2625744ABD003DF0BC /* SceneDelegate.swift */,
			);
			path = Application;
			sourceTree = "<group>";
		};
		E9EE9B3E2574BFAD003DF0BC /* Storyboards */ = {
			isa = PBXGroup;
			children = (
				E9F8DC46257448CF0030842E /* LaunchScreen.storyboard */,
				E9F8DC3E257448CE0030842E /* Main.storyboard */,
			);
			name = Storyboards;
			path = Source;
			sourceTree = "<group>";
		};
		E9EE9B3F2574BFF0003DF0BC /* Resources */ = {
			isa = PBXGroup;
			children = (
				E9F8DC41257448CE0030842E /* repti.xcdatamodeld */,
				E9EE9B1625744A2E003DF0BC /* repti.entitlements */,
				E9F8DC44257448CF0030842E /* Assets.xcassets */,
				E9F8DC49257448CF0030842E /* Info.plist */,
			);
			name = Resources;
			sourceTree = "<group>";
		};
		E9EE9B5125751072003DF0BC /* Persistence */ = {
			isa = PBXGroup;
			children = (
				E9EE9B5225751072003DF0BC /* Model */,
				E9EE9B5F25760F4D003DF0BC /* CoreDataStore.swift */,
			);
			path = Persistence;
			sourceTree = "<group>";
		};
		E9EE9B5225751072003DF0BC /* Model */ = {
			isa = PBXGroup;
			children = (
				E9EE9B5925760C7C003DF0BC /* Extensions */,
				E9EE9B5325751072003DF0BC /* Generated */,
			);
			path = Model;
			sourceTree = "<group>";
		};
		E9EE9B5325751072003DF0BC /* Generated */ = {
			isa = PBXGroup;
			children = (
				E9EE9B5425751072003DF0BC /* Model.swift */,
			);
			path = Generated;
			sourceTree = "<group>";
		};
		E9EE9B5925760C7C003DF0BC /* Extensions */ = {
			isa = PBXGroup;
			children = (
				E9EE9B7F257633EE003DF0BC /* BaseEntity.swift */,
				E9EE9B5A25760C94003DF0BC /* Individual.swift */,
				E9EE9B87257658F7003DF0BC /* Species.swift */,
				E9EE9B8C2576B8DA003DF0BC /* Picture.swift */,
				E9EE9B912576B91D003DF0BC /* Weight.swift */,
			);
			path = Extensions;
			sourceTree = "<group>";
		};
		E9F8DC2C257448CE0030842E = {
			isa = PBXGroup;
			children = (
				E9F8DC37257448CE0030842E /* repti */,
				E9EE9B4C25750FCF003DF0BC /* swiftgen.yml */,
				E9EE9B402574C280003DF0BC /* .travis.yml */,
				E9EE9B482574C883003DF0BC /* travis-build.plist */,
				E9EE9B332574BD40003DF0BC /* LICENSE */,
				E9EE9B342574BD40003DF0BC /* README.md */,
				E9F8DC51257448CF0030842E /* reptiTests */,
				E9F8DC5C257448CF0030842E /* reptiUITests */,
				E9F8DC36257448CE0030842E /* Products */,
			);
			sourceTree = "<group>";
		};
		E9F8DC36257448CE0030842E /* Products */ = {
			isa = PBXGroup;
			children = (
				E9F8DC35257448CE0030842E /* repti.app */,
				E9F8DC4E257448CF0030842E /* reptiTests.xctest */,
				E9F8DC59257448CF0030842E /* reptiUITests.xctest */,
			);
			name = Products;
			sourceTree = "<group>";
		};
		E9F8DC37257448CE0030842E /* repti */ = {
			isa = PBXGroup;
			children = (
				E9EE9B2025744ABD003DF0BC /* Source */,
				E9EE9B3E2574BFAD003DF0BC /* Storyboards */,
				E9EE9B3F2574BFF0003DF0BC /* Resources */,
			);
			path = repti;
			sourceTree = "<group>";
		};
		E9F8DC51257448CF0030842E /* reptiTests */ = {
			isa = PBXGroup;
			children = (
				E9EE9B77257617C8003DF0BC /* PersistenceSpec.swift */,
				E9F8DC52257448CF0030842E /* reptiTests.swift */,
				E9F8DC54257448CF0030842E /* Info.plist */,
			);
			path = reptiTests;
			sourceTree = "<group>";
		};
		E9F8DC5C257448CF0030842E /* reptiUITests */ = {
			isa = PBXGroup;
			children = (
				E9F8DC5D257448CF0030842E /* reptiUITests.swift */,
				E9F8DC5F257448CF0030842E /* Info.plist */,
			);
			path = reptiUITests;
			sourceTree = "<group>";
		};
/* End PBXGroup section */

/* Begin PBXNativeTarget section */
		E9F8DC34257448CE0030842E /* repti */ = {
			isa = PBXNativeTarget;
			buildConfigurationList = E9F8DC62257448CF0030842E /* Build configuration list for PBXNativeTarget "repti" */;
			buildPhases = (
				E9EE9B4D25751049003DF0BC /* swiftgen */,
				E9F8DC31257448CE0030842E /* Sources */,
				E9EE9B7325761601003DF0BC /* Increase Buildnumber */,
				E9F8DC32257448CE0030842E /* Frameworks */,
				E9F8DC33257448CE0030842E /* Resources */,
			);
			buildRules = (
			);
			dependencies = (
			);
			name = repti;
			productName = repti;
			productReference = E9F8DC35257448CE0030842E /* repti.app */;
			productType = "com.apple.product-type.application";
		};
		E9F8DC4D257448CF0030842E /* reptiTests */ = {
			isa = PBXNativeTarget;
			buildConfigurationList = E9F8DC65257448CF0030842E /* Build configuration list for PBXNativeTarget "reptiTests" */;
			buildPhases = (
				E9F8DC4A257448CF0030842E /* Sources */,
				E9F8DC4B257448CF0030842E /* Frameworks */,
				E9F8DC4C257448CF0030842E /* Resources */,
			);
			buildRules = (
			);
			dependencies = (
				E9F8DC50257448CF0030842E /* PBXTargetDependency */,
			);
			name = reptiTests;
			packageProductDependencies = (
				E9EE9B6825761534003DF0BC /* Quick */,
				E9EE9B6E25761564003DF0BC /* Nimble */,
			);
			productName = reptiTests;
			productReference = E9F8DC4E257448CF0030842E /* reptiTests.xctest */;
			productType = "com.apple.product-type.bundle.unit-test";
		};
		E9F8DC58257448CF0030842E /* reptiUITests */ = {
			isa = PBXNativeTarget;
			buildConfigurationList = E9F8DC68257448CF0030842E /* Build configuration list for PBXNativeTarget "reptiUITests" */;
			buildPhases = (
				E9F8DC55257448CF0030842E /* Sources */,
				E9F8DC56257448CF0030842E /* Frameworks */,
				E9F8DC57257448CF0030842E /* Resources */,
			);
			buildRules = (
			);
			dependencies = (
				E9F8DC5B257448CF0030842E /* PBXTargetDependency */,
			);
			name = reptiUITests;
			productName = reptiUITests;
			productReference = E9F8DC59257448CF0030842E /* reptiUITests.xctest */;
			productType = "com.apple.product-type.bundle.ui-testing";
		};
/* End PBXNativeTarget section */

/* Begin PBXProject section */
		E9F8DC2D257448CE0030842E /* Project object */ = {
			isa = PBXProject;
			attributes = {
				LastSwiftUpdateCheck = 1220;
				LastUpgradeCheck = 1220;
				TargetAttributes = {
					E9F8DC34257448CE0030842E = {
						CreatedOnToolsVersion = 12.2;
					};
					E9F8DC4D257448CF0030842E = {
						CreatedOnToolsVersion = 12.2;
						TestTargetID = E9F8DC34257448CE0030842E;
					};
					E9F8DC58257448CF0030842E = {
						CreatedOnToolsVersion = 12.2;
						TestTargetID = E9F8DC34257448CE0030842E;
					};
				};
			};
			buildConfigurationList = E9F8DC30257448CE0030842E /* Build configuration list for PBXProject "repti" */;
			compatibilityVersion = "Xcode 9.3";
			developmentRegion = en;
			hasScannedForEncodings = 0;
			knownRegions = (
				en,
				Base,
			);
			mainGroup = E9F8DC2C257448CE0030842E;
			packageReferences = (
				E9EE9B6725761534003DF0BC /* XCRemoteSwiftPackageReference "Quick" */,
				E9EE9B6D25761564003DF0BC /* XCRemoteSwiftPackageReference "Nimble" */,
			);
			productRefGroup = E9F8DC36257448CE0030842E /* Products */;
			projectDirPath = "";
			projectRoot = "";
			targets = (
				E9F8DC34257448CE0030842E /* repti */,
				E9F8DC4D257448CF0030842E /* reptiTests */,
				E9F8DC58257448CF0030842E /* reptiUITests */,
			);
		};
/* End PBXProject section */

/* Begin PBXResourcesBuildPhase section */
		E9F8DC33257448CE0030842E /* Resources */ = {
			isa = PBXResourcesBuildPhase;
			buildActionMask = 2147483647;
			files = (
				E9F8DC48257448CF0030842E /* LaunchScreen.storyboard in Resources */,
				E9F8DC45257448CF0030842E /* Assets.xcassets in Resources */,
				E9F8DC40257448CE0030842E /* Main.storyboard in Resources */,
			);
			runOnlyForDeploymentPostprocessing = 0;
		};
		E9F8DC4C257448CF0030842E /* Resources */ = {
			isa = PBXResourcesBuildPhase;
			buildActionMask = 2147483647;
			files = (
			);
			runOnlyForDeploymentPostprocessing = 0;
		};
		E9F8DC57257448CF0030842E /* Resources */ = {
			isa = PBXResourcesBuildPhase;
			buildActionMask = 2147483647;
			files = (
			);
			runOnlyForDeploymentPostprocessing = 0;
		};
/* End PBXResourcesBuildPhase section */

/* Begin PBXShellScriptBuildPhase section */
		E9EE9B4D25751049003DF0BC /* swiftgen */ = {
			isa = PBXShellScriptBuildPhase;
			buildActionMask = 2147483647;
			files = (
			);
			inputFileListPaths = (
			);
			inputPaths = (
			);
			name = swiftgen;
			outputFileListPaths = (
			);
			outputPaths = (
			);
			runOnlyForDeploymentPostprocessing = 0;
			shellPath = /bin/sh;
			shellScript = "swiftgen\n";
		};
		E9EE9B7325761601003DF0BC /* Increase Buildnumber */ = {
			isa = PBXShellScriptBuildPhase;
			buildActionMask = 2147483647;
			files = (
			);
			inputFileListPaths = (
			);
			inputPaths = (
			);
			name = "Increase Buildnumber";
			outputFileListPaths = (
			);
			outputPaths = (
			);
			runOnlyForDeploymentPostprocessing = 0;
			shellPath = /bin/sh;
			shellScript = "buildNumber=$(/usr/libexec/PlistBuddy -c \"Print CFBundleVersion\" \"${PROJECT_DIR}/${INFOPLIST_FILE}\")\nbuildNumber=$(($buildNumber + 1))\n/usr/libexec/PlistBuddy -c \"Set :CFBundleVersion $buildNumber\" \"${PROJECT_DIR}/${INFOPLIST_FILE}\"\n";
		};
/* End PBXShellScriptBuildPhase section */

/* Begin PBXSourcesBuildPhase section */
		E9F8DC31257448CE0030842E /* Sources */ = {
			isa = PBXSourcesBuildPhase;
			buildActionMask = 2147483647;
			files = (
				E9EE9B5B25760C94003DF0BC /* Individual.swift in Sources */,
				E9EE9B922576B91D003DF0BC /* Weight.swift in Sources */,
				E9EE9B5525751072003DF0BC /* Model.swift in Sources */,
				E9EE9B2825744ABD003DF0BC /* AppDelegate.swift in Sources */,
				E9EE9B80257633EE003DF0BC /* BaseEntity.swift in Sources */,
				E9EE9B2725744ABD003DF0BC /* ViewController.swift in Sources */,
				E9F8DC43257448CE0030842E /* repti.xcdatamodeld in Sources */,
				E9EE9B8D2576B8DA003DF0BC /* Picture.swift in Sources */,
				E9EE9B6025760F4D003DF0BC /* CoreDataStore.swift in Sources */,
				E9EE9B88257658F7003DF0BC /* Species.swift in Sources */,
				E9EE9B2925744ABD003DF0BC /* SceneDelegate.swift in Sources */,
			);
			runOnlyForDeploymentPostprocessing = 0;
		};
		E9F8DC4A257448CF0030842E /* Sources */ = {
			isa = PBXSourcesBuildPhase;
			buildActionMask = 2147483647;
			files = (
				E9EE9B78257617C8003DF0BC /* PersistenceSpec.swift in Sources */,
				E9F8DC53257448CF0030842E /* reptiTests.swift in Sources */,
			);
			runOnlyForDeploymentPostprocessing = 0;
		};
		E9F8DC55257448CF0030842E /* Sources */ = {
			isa = PBXSourcesBuildPhase;
			buildActionMask = 2147483647;
			files = (
				E9F8DC5E257448CF0030842E /* reptiUITests.swift in Sources */,
			);
			runOnlyForDeploymentPostprocessing = 0;
		};
/* End PBXSourcesBuildPhase section */

/* Begin PBXTargetDependency section */
		E9F8DC50257448CF0030842E /* PBXTargetDependency */ = {
			isa = PBXTargetDependency;
			target = E9F8DC34257448CE0030842E /* repti */;
			targetProxy = E9F8DC4F257448CF0030842E /* PBXContainerItemProxy */;
		};
		E9F8DC5B257448CF0030842E /* PBXTargetDependency */ = {
			isa = PBXTargetDependency;
			target = E9F8DC34257448CE0030842E /* repti */;
			targetProxy = E9F8DC5A257448CF0030842E /* PBXContainerItemProxy */;
		};
/* End PBXTargetDependency section */

/* Begin PBXVariantGroup section */
		E9F8DC3E257448CE0030842E /* Main.storyboard */ = {
			isa = PBXVariantGroup;
			children = (
				E9F8DC3F257448CE0030842E /* Base */,
			);
			name = Main.storyboard;
			sourceTree = "<group>";
		};
		E9F8DC46257448CF0030842E /* LaunchScreen.storyboard */ = {
			isa = PBXVariantGroup;
			children = (
				E9F8DC47257448CF0030842E /* Base */,
			);
			name = LaunchScreen.storyboard;
			sourceTree = "<group>";
		};
/* End PBXVariantGroup section */

/* Begin XCBuildConfiguration section */
		E9F8DC60257448CF0030842E /* Debug */ = {
			isa = XCBuildConfiguration;
			buildSettings = {
				ALWAYS_SEARCH_USER_PATHS = NO;
				CLANG_ANALYZER_NONNULL = YES;
				CLANG_ANALYZER_NUMBER_OBJECT_CONVERSION = YES_AGGRESSIVE;
				CLANG_CXX_LANGUAGE_STANDARD = "gnu++14";
				CLANG_CXX_LIBRARY = "libc++";
				CLANG_ENABLE_MODULES = YES;
				CLANG_ENABLE_OBJC_ARC = YES;
				CLANG_ENABLE_OBJC_WEAK = YES;
				CLANG_WARN_BLOCK_CAPTURE_AUTORELEASING = YES;
				CLANG_WARN_BOOL_CONVERSION = YES;
				CLANG_WARN_COMMA = YES;
				CLANG_WARN_CONSTANT_CONVERSION = YES;
				CLANG_WARN_DEPRECATED_OBJC_IMPLEMENTATIONS = YES;
				CLANG_WARN_DIRECT_OBJC_ISA_USAGE = YES_ERROR;
				CLANG_WARN_DOCUMENTATION_COMMENTS = YES;
				CLANG_WARN_EMPTY_BODY = YES;
				CLANG_WARN_ENUM_CONVERSION = YES;
				CLANG_WARN_INFINITE_RECURSION = YES;
				CLANG_WARN_INT_CONVERSION = YES;
				CLANG_WARN_NON_LITERAL_NULL_CONVERSION = YES;
				CLANG_WARN_OBJC_IMPLICIT_RETAIN_SELF = YES;
				CLANG_WARN_OBJC_LITERAL_CONVERSION = YES;
				CLANG_WARN_OBJC_ROOT_CLASS = YES_ERROR;
				CLANG_WARN_QUOTED_INCLUDE_IN_FRAMEWORK_HEADER = YES;
				CLANG_WARN_RANGE_LOOP_ANALYSIS = YES;
				CLANG_WARN_STRICT_PROTOTYPES = YES;
				CLANG_WARN_SUSPICIOUS_MOVE = YES;
				CLANG_WARN_UNGUARDED_AVAILABILITY = YES_AGGRESSIVE;
				CLANG_WARN_UNREACHABLE_CODE = YES;
				CLANG_WARN__DUPLICATE_METHOD_MATCH = YES;
				COPY_PHASE_STRIP = NO;
				DEBUG_INFORMATION_FORMAT = dwarf;
				ENABLE_STRICT_OBJC_MSGSEND = YES;
				ENABLE_TESTABILITY = YES;
				GCC_C_LANGUAGE_STANDARD = gnu11;
				GCC_DYNAMIC_NO_PIC = NO;
				GCC_NO_COMMON_BLOCKS = YES;
				GCC_OPTIMIZATION_LEVEL = 0;
				GCC_PREPROCESSOR_DEFINITIONS = (
					"DEBUG=1",
					"$(inherited)",
				);
				GCC_WARN_64_TO_32_BIT_CONVERSION = YES;
				GCC_WARN_ABOUT_RETURN_TYPE = YES_ERROR;
				GCC_WARN_UNDECLARED_SELECTOR = YES;
				GCC_WARN_UNINITIALIZED_AUTOS = YES_AGGRESSIVE;
				GCC_WARN_UNUSED_FUNCTION = YES;
				GCC_WARN_UNUSED_VARIABLE = YES;
				IPHONEOS_DEPLOYMENT_TARGET = 14.2;
				MTL_ENABLE_DEBUG_INFO = INCLUDE_SOURCE;
				MTL_FAST_MATH = YES;
				ONLY_ACTIVE_ARCH = YES;
				SDKROOT = iphoneos;
				SWIFT_ACTIVE_COMPILATION_CONDITIONS = DEBUG;
				SWIFT_OPTIMIZATION_LEVEL = "-Onone";
			};
			name = Debug;
		};
		E9F8DC61257448CF0030842E /* Release */ = {
			isa = XCBuildConfiguration;
			buildSettings = {
				ALWAYS_SEARCH_USER_PATHS = NO;
				CLANG_ANALYZER_NONNULL = YES;
				CLANG_ANALYZER_NUMBER_OBJECT_CONVERSION = YES_AGGRESSIVE;
				CLANG_CXX_LANGUAGE_STANDARD = "gnu++14";
				CLANG_CXX_LIBRARY = "libc++";
				CLANG_ENABLE_MODULES = YES;
				CLANG_ENABLE_OBJC_ARC = YES;
				CLANG_ENABLE_OBJC_WEAK = YES;
				CLANG_WARN_BLOCK_CAPTURE_AUTORELEASING = YES;
				CLANG_WARN_BOOL_CONVERSION = YES;
				CLANG_WARN_COMMA = YES;
				CLANG_WARN_CONSTANT_CONVERSION = YES;
				CLANG_WARN_DEPRECATED_OBJC_IMPLEMENTATIONS = YES;
				CLANG_WARN_DIRECT_OBJC_ISA_USAGE = YES_ERROR;
				CLANG_WARN_DOCUMENTATION_COMMENTS = YES;
				CLANG_WARN_EMPTY_BODY = YES;
				CLANG_WARN_ENUM_CONVERSION = YES;
				CLANG_WARN_INFINITE_RECURSION = YES;
				CLANG_WARN_INT_CONVERSION = YES;
				CLANG_WARN_NON_LITERAL_NULL_CONVERSION = YES;
				CLANG_WARN_OBJC_IMPLICIT_RETAIN_SELF = YES;
				CLANG_WARN_OBJC_LITERAL_CONVERSION = YES;
				CLANG_WARN_OBJC_ROOT_CLASS = YES_ERROR;
				CLANG_WARN_QUOTED_INCLUDE_IN_FRAMEWORK_HEADER = YES;
				CLANG_WARN_RANGE_LOOP_ANALYSIS = YES;
				CLANG_WARN_STRICT_PROTOTYPES = YES;
				CLANG_WARN_SUSPICIOUS_MOVE = YES;
				CLANG_WARN_UNGUARDED_AVAILABILITY = YES_AGGRESSIVE;
				CLANG_WARN_UNREACHABLE_CODE = YES;
				CLANG_WARN__DUPLICATE_METHOD_MATCH = YES;
				COPY_PHASE_STRIP = NO;
				DEBUG_INFORMATION_FORMAT = "dwarf-with-dsym";
				ENABLE_NS_ASSERTIONS = NO;
				ENABLE_STRICT_OBJC_MSGSEND = YES;
				GCC_C_LANGUAGE_STANDARD = gnu11;
				GCC_NO_COMMON_BLOCKS = YES;
				GCC_WARN_64_TO_32_BIT_CONVERSION = YES;
				GCC_WARN_ABOUT_RETURN_TYPE = YES_ERROR;
				GCC_WARN_UNDECLARED_SELECTOR = YES;
				GCC_WARN_UNINITIALIZED_AUTOS = YES_AGGRESSIVE;
				GCC_WARN_UNUSED_FUNCTION = YES;
				GCC_WARN_UNUSED_VARIABLE = YES;
				IPHONEOS_DEPLOYMENT_TARGET = 14.2;
				MTL_ENABLE_DEBUG_INFO = NO;
				MTL_FAST_MATH = YES;
				SDKROOT = iphoneos;
				SWIFT_COMPILATION_MODE = wholemodule;
				SWIFT_OPTIMIZATION_LEVEL = "-O";
				VALIDATE_PRODUCT = YES;
			};
			name = Release;
		};
		E9F8DC63257448CF0030842E /* Debug */ = {
			isa = XCBuildConfiguration;
			buildSettings = {
				ASSETCATALOG_COMPILER_APPICON_NAME = AppIcon;
				ASSETCATALOG_COMPILER_GLOBAL_ACCENT_COLOR_NAME = AccentColor;
				CODE_SIGN_ENTITLEMENTS = repti/repti.entitlements;
				CODE_SIGN_STYLE = Automatic;
				DEFINES_MODULE = YES;
				DEVELOPMENT_TEAM = GQE994U6EG;
				INFOPLIST_FILE = repti/Info.plist;
				"IPHONEOS_DEPLOYMENT_TARGET[sdk=macosx*]" = 13.5;
				LD_RUNPATH_SEARCH_PATHS = (
					"$(inherited)",
					"@executable_path/Frameworks",
				);
				MARKETING_VERSION = 1;
				PRODUCT_BUNDLE_IDENTIFIER = de.meandmymac.universal.repti;
				PRODUCT_NAME = "$(TARGET_NAME)";
				SUPPORTS_MACCATALYST = YES;
				SWIFT_VERSION = 5.0;
				TARGETED_DEVICE_FAMILY = "1,2";
			};
			name = Debug;
		};
		E9F8DC64257448CF0030842E /* Release */ = {
			isa = XCBuildConfiguration;
			buildSettings = {
				ASSETCATALOG_COMPILER_APPICON_NAME = AppIcon;
				ASSETCATALOG_COMPILER_GLOBAL_ACCENT_COLOR_NAME = AccentColor;
				CODE_SIGN_ENTITLEMENTS = repti/repti.entitlements;
				CODE_SIGN_STYLE = Automatic;
				DEFINES_MODULE = YES;
				DEVELOPMENT_TEAM = GQE994U6EG;
				INFOPLIST_FILE = repti/Info.plist;
				"IPHONEOS_DEPLOYMENT_TARGET[sdk=macosx*]" = 13.5;
				LD_RUNPATH_SEARCH_PATHS = (
					"$(inherited)",
					"@executable_path/Frameworks",
				);
				MARKETING_VERSION = 1;
				PRODUCT_BUNDLE_IDENTIFIER = de.meandmymac.universal.repti;
				PRODUCT_NAME = "$(TARGET_NAME)";
				SUPPORTS_MACCATALYST = YES;
				SWIFT_VERSION = 5.0;
				TARGETED_DEVICE_FAMILY = "1,2";
			};
			name = Release;
		};
		E9F8DC66257448CF0030842E /* Debug */ = {
			isa = XCBuildConfiguration;
			buildSettings = {
				ALWAYS_EMBED_SWIFT_STANDARD_LIBRARIES = YES;
				BUNDLE_LOADER = "$(TEST_HOST)";
				CODE_SIGN_STYLE = Automatic;
				DEVELOPMENT_TEAM = GQE994U6EG;
				INFOPLIST_FILE = reptiTests/Info.plist;
				IPHONEOS_DEPLOYMENT_TARGET = 14.2;
				LD_RUNPATH_SEARCH_PATHS = (
					"$(inherited)",
					"@executable_path/Frameworks",
					"@loader_path/Frameworks",
				);
				PRODUCT_BUNDLE_IDENTIFIER = de.meandmymac.universal.reptiTests;
				PRODUCT_NAME = "$(TARGET_NAME)";
				SWIFT_VERSION = 5.0;
				TARGETED_DEVICE_FAMILY = "1,2";
				TEST_HOST = "$(BUILT_PRODUCTS_DIR)/repti.app/repti";
			};
			name = Debug;
		};
		E9F8DC67257448CF0030842E /* Release */ = {
			isa = XCBuildConfiguration;
			buildSettings = {
				ALWAYS_EMBED_SWIFT_STANDARD_LIBRARIES = YES;
				BUNDLE_LOADER = "$(TEST_HOST)";
				CODE_SIGN_STYLE = Automatic;
				DEVELOPMENT_TEAM = GQE994U6EG;
				INFOPLIST_FILE = reptiTests/Info.plist;
				IPHONEOS_DEPLOYMENT_TARGET = 14.2;
				LD_RUNPATH_SEARCH_PATHS = (
					"$(inherited)",
					"@executable_path/Frameworks",
					"@loader_path/Frameworks",
				);
				PRODUCT_BUNDLE_IDENTIFIER = de.meandmymac.universal.reptiTests;
				PRODUCT_NAME = "$(TARGET_NAME)";
				SWIFT_VERSION = 5.0;
				TARGETED_DEVICE_FAMILY = "1,2";
				TEST_HOST = "$(BUILT_PRODUCTS_DIR)/repti.app/repti";
			};
			name = Release;
		};
		E9F8DC69257448CF0030842E /* Debug */ = {
			isa = XCBuildConfiguration;
			buildSettings = {
				ALWAYS_EMBED_SWIFT_STANDARD_LIBRARIES = YES;
				CODE_SIGN_STYLE = Automatic;
				DEVELOPMENT_TEAM = GQE994U6EG;
				INFOPLIST_FILE = reptiUITests/Info.plist;
				LD_RUNPATH_SEARCH_PATHS = (
					"$(inherited)",
					"@executable_path/Frameworks",
					"@loader_path/Frameworks",
				);
				PRODUCT_BUNDLE_IDENTIFIER = de.meandmymac.universal.reptiUITests;
				PRODUCT_NAME = "$(TARGET_NAME)";
				SWIFT_VERSION = 5.0;
				TARGETED_DEVICE_FAMILY = "1,2";
				TEST_TARGET_NAME = repti;
			};
			name = Debug;
		};
		E9F8DC6A257448CF0030842E /* Release */ = {
			isa = XCBuildConfiguration;
			buildSettings = {
				ALWAYS_EMBED_SWIFT_STANDARD_LIBRARIES = YES;
				CODE_SIGN_STYLE = Automatic;
				DEVELOPMENT_TEAM = GQE994U6EG;
				INFOPLIST_FILE = reptiUITests/Info.plist;
				LD_RUNPATH_SEARCH_PATHS = (
					"$(inherited)",
					"@executable_path/Frameworks",
					"@loader_path/Frameworks",
				);
				PRODUCT_BUNDLE_IDENTIFIER = de.meandmymac.universal.reptiUITests;
				PRODUCT_NAME = "$(TARGET_NAME)";
				SWIFT_VERSION = 5.0;
				TARGETED_DEVICE_FAMILY = "1,2";
				TEST_TARGET_NAME = repti;
			};
			name = Release;
		};
/* End XCBuildConfiguration section */

/* Begin XCConfigurationList section */
		E9F8DC30257448CE0030842E /* Build configuration list for PBXProject "repti" */ = {
			isa = XCConfigurationList;
			buildConfigurations = (
				E9F8DC60257448CF0030842E /* Debug */,
				E9F8DC61257448CF0030842E /* Release */,
			);
			defaultConfigurationIsVisible = 0;
			defaultConfigurationName = Release;
		};
		E9F8DC62257448CF0030842E /* Build configuration list for PBXNativeTarget "repti" */ = {
			isa = XCConfigurationList;
			buildConfigurations = (
				E9F8DC63257448CF0030842E /* Debug */,
				E9F8DC64257448CF0030842E /* Release */,
			);
			defaultConfigurationIsVisible = 0;
			defaultConfigurationName = Release;
		};
		E9F8DC65257448CF0030842E /* Build configuration list for PBXNativeTarget "reptiTests" */ = {
			isa = XCConfigurationList;
			buildConfigurations = (
				E9F8DC66257448CF0030842E /* Debug */,
				E9F8DC67257448CF0030842E /* Release */,
			);
			defaultConfigurationIsVisible = 0;
			defaultConfigurationName = Release;
		};
		E9F8DC68257448CF0030842E /* Build configuration list for PBXNativeTarget "reptiUITests" */ = {
			isa = XCConfigurationList;
			buildConfigurations = (
				E9F8DC69257448CF0030842E /* Debug */,
				E9F8DC6A257448CF0030842E /* Release */,
			);
			defaultConfigurationIsVisible = 0;
			defaultConfigurationName = Release;
		};
/* End XCConfigurationList section */

/* Begin XCRemoteSwiftPackageReference section */
		E9EE9B6725761534003DF0BC /* XCRemoteSwiftPackageReference "Quick" */ = {
			isa = XCRemoteSwiftPackageReference;
			repositoryURL = "https://github.com/Quick/Quick";
			requirement = {
				kind = upToNextMajorVersion;
				minimumVersion = 3.0.0;
			};
		};
		E9EE9B6D25761564003DF0BC /* XCRemoteSwiftPackageReference "Nimble" */ = {
			isa = XCRemoteSwiftPackageReference;
			repositoryURL = "https://github.com/Quick/Nimble";
			requirement = {
				kind = upToNextMajorVersion;
				minimumVersion = 9.0.0;
			};
		};
/* End XCRemoteSwiftPackageReference section */

/* Begin XCSwiftPackageProductDependency section */
		E9EE9B6825761534003DF0BC /* Quick */ = {
			isa = XCSwiftPackageProductDependency;
			package = E9EE9B6725761534003DF0BC /* XCRemoteSwiftPackageReference "Quick" */;
			productName = Quick;
		};
		E9EE9B6E25761564003DF0BC /* Nimble */ = {
			isa = XCSwiftPackageProductDependency;
			package = E9EE9B6D25761564003DF0BC /* XCRemoteSwiftPackageReference "Nimble" */;
			productName = Nimble;
		};
/* End XCSwiftPackageProductDependency section */

/* Begin XCVersionGroup section */
		E9F8DC41257448CE0030842E /* repti.xcdatamodeld */ = {
			isa = XCVersionGroup;
			children = (
				E9F8DC42257448CE0030842E /* repti.xcdatamodel */,
			);
			currentVersion = E9F8DC42257448CE0030842E /* repti.xcdatamodel */;
			path = repti.xcdatamodeld;
			sourceTree = "<group>";
			versionGroupType = wrapper.xcdatamodel;
		};
/* End XCVersionGroup section */
	};
	rootObject = E9F8DC2D257448CE0030842E /* Project object */;
}
