// !$*UTF8*$!
{
	archiveVersion = 1;
	classes = {
	};
	objectVersion = 50;
	objects = {

/* Begin PBXBuildFile section */
		E970605D256D981000EC3D65 /* ReptiApp.swift in Sources */ = {isa = PBXBuildFile; fileRef = E970605A256D981000EC3D65 /* ReptiApp.swift */; };
		E970605E256D981000EC3D65 /* ContentView.swift in Sources */ = {isa = PBXBuildFile; fileRef = E970605C256D981000EC3D65 /* ContentView.swift */; };
		E9CAD564256D97100009E735 /* Assets.xcassets in Resources */ = {isa = PBXBuildFile; fileRef = E9CAD563256D97100009E735 /* Assets.xcassets */; };
		E9CAD567256D97100009E735 /* Preview Assets.xcassets in Resources */ = {isa = PBXBuildFile; fileRef = E9CAD566256D97100009E735 /* Preview Assets.xcassets */; };
/* End PBXBuildFile section */

/* Begin PBXFileReference section */
		E9706057256D97F200EC3D65 /* repti.entitlements */ = {isa = PBXFileReference; lastKnownFileType = text.plist.entitlements; path = repti.entitlements; sourceTree = "<group>"; };
		E970605A256D981000EC3D65 /* ReptiApp.swift */ = {isa = PBXFileReference; fileEncoding = 4; lastKnownFileType = sourcecode.swift; path = ReptiApp.swift; sourceTree = "<group>"; };
		E970605C256D981000EC3D65 /* ContentView.swift */ = {isa = PBXFileReference; fileEncoding = 4; lastKnownFileType = sourcecode.swift; path = ContentView.swift; sourceTree = "<group>"; };
		E9CAD55C256D970F0009E735 /* repti.app */ = {isa = PBXFileReference; explicitFileType = wrapper.application; includeInIndex = 0; path = repti.app; sourceTree = BUILT_PRODUCTS_DIR; };
		E9CAD563256D97100009E735 /* Assets.xcassets */ = {isa = PBXFileReference; lastKnownFileType = folder.assetcatalog; path = Assets.xcassets; sourceTree = "<group>"; };
		E9CAD566256D97100009E735 /* Preview Assets.xcassets */ = {isa = PBXFileReference; lastKnownFileType = folder.assetcatalog; path = "Preview Assets.xcassets"; sourceTree = "<group>"; };
		E9CAD568256D97100009E735 /* Info.plist */ = {isa = PBXFileReference; lastKnownFileType = text.plist.xml; path = Info.plist; sourceTree = "<group>"; };
/* End PBXFileReference section */

/* Begin PBXFrameworksBuildPhase section */
		E9CAD559256D970F0009E735 /* Frameworks */ = {
			isa = PBXFrameworksBuildPhase;
			buildActionMask = 2147483647;
			files = (
			);
			runOnlyForDeploymentPostprocessing = 0;
		};
/* End PBXFrameworksBuildPhase section */

/* Begin PBXGroup section */
		E9706056256D97DF00EC3D65 /* Resources */ = {
			isa = PBXGroup;
			children = (
				E9CAD563256D97100009E735 /* Assets.xcassets */,
				E9CAD568256D97100009E735 /* Info.plist */,
				E9706057256D97F200EC3D65 /* repti.entitlements */,
			);
			name = Resources;
			sourceTree = "<group>";
		};
		E9706058256D981000EC3D65 /* Sources */ = {
			isa = PBXGroup;
			children = (
				E9706059256D981000EC3D65 /* Application */,
				E970605B256D981000EC3D65 /* Views */,
			);
			path = Sources;
			sourceTree = "<group>";
		};
		E9706059256D981000EC3D65 /* Application */ = {
			isa = PBXGroup;
			children = (
				E970605A256D981000EC3D65 /* ReptiApp.swift */,
			);
			path = Application;
			sourceTree = "<group>";
		};
		E970605B256D981000EC3D65 /* Views */ = {
			isa = PBXGroup;
			children = (
				E970605C256D981000EC3D65 /* ContentView.swift */,
			);
			path = Views;
			sourceTree = "<group>";
		};
		E9CAD553256D970F0009E735 = {
			isa = PBXGroup;
			children = (
				E9CAD55E256D970F0009E735 /* repti */,
				E9CAD55D256D970F0009E735 /* Products */,
			);
			sourceTree = "<group>";
		};
		E9CAD55D256D970F0009E735 /* Products */ = {
			isa = PBXGroup;
			children = (
				E9CAD55C256D970F0009E735 /* repti.app */,
			);
			name = Products;
			sourceTree = "<group>";
		};
		E9CAD55E256D970F0009E735 /* repti */ = {
			isa = PBXGroup;
			children = (
				E9706058256D981000EC3D65 /* Sources */,
				E9706056256D97DF00EC3D65 /* Resources */,
				E9CAD565256D97100009E735 /* Preview Content */,
			);
			path = repti;
			sourceTree = "<group>";
		};
		E9CAD565256D97100009E735 /* Preview Content */ = {
			isa = PBXGroup;
			children = (
				E9CAD566256D97100009E735 /* Preview Assets.xcassets */,
			);
			path = "Preview Content";
			sourceTree = "<group>";
		};
/* End PBXGroup section */

/* Begin PBXNativeTarget section */
		E9CAD55B256D970F0009E735 /* repti */ = {
			isa = PBXNativeTarget;
			buildConfigurationList = E9CAD56B256D97100009E735 /* Build configuration list for PBXNativeTarget "repti" */;
			buildPhases = (
				E9706060256D999D00EC3D65 /* Set Travis Build Number */,
				E9CAD558256D970F0009E735 /* Sources */,
				E9CAD559256D970F0009E735 /* Frameworks */,
				E9CAD55A256D970F0009E735 /* Resources */,
			);
			buildRules = (
			);
			dependencies = (
			);
			name = repti;
			productName = repti;
			productReference = E9CAD55C256D970F0009E735 /* repti.app */;
			productType = "com.apple.product-type.application";
		};
/* End PBXNativeTarget section */

/* Begin PBXProject section */
		E9CAD554256D970F0009E735 /* Project object */ = {
			isa = PBXProject;
			attributes = {
				LastSwiftUpdateCheck = 1220;
				LastUpgradeCheck = 1220;
				TargetAttributes = {
					E9CAD55B256D970F0009E735 = {
						CreatedOnToolsVersion = 12.2;
					};
				};
			};
			buildConfigurationList = E9CAD557256D970F0009E735 /* Build configuration list for PBXProject "repti" */;
			compatibilityVersion = "Xcode 9.3";
			developmentRegion = en;
			hasScannedForEncodings = 0;
			knownRegions = (
				en,
				Base,
			);
			mainGroup = E9CAD553256D970F0009E735;
			productRefGroup = E9CAD55D256D970F0009E735 /* Products */;
			projectDirPath = "";
			projectRoot = "";
			targets = (
				E9CAD55B256D970F0009E735 /* repti */,
			);
		};
/* End PBXProject section */

/* Begin PBXResourcesBuildPhase section */
		E9CAD55A256D970F0009E735 /* Resources */ = {
			isa = PBXResourcesBuildPhase;
			buildActionMask = 2147483647;
			files = (
				E9CAD567256D97100009E735 /* Preview Assets.xcassets in Resources */,
				E9CAD564256D97100009E735 /* Assets.xcassets in Resources */,
			);
			runOnlyForDeploymentPostprocessing = 0;
		};
/* End PBXResourcesBuildPhase section */

/* Begin PBXShellScriptBuildPhase section */
		E9706060256D999D00EC3D65 /* Set Travis Build Number */ = {
			isa = PBXShellScriptBuildPhase;
			buildActionMask = 2147483647;
			files = (
			);
			inputFileListPaths = (
			);
			inputPaths = (
			);
			name = "Set Travis Build Number";
			outputFileListPaths = (
			);
			outputPaths = (
			);
			runOnlyForDeploymentPostprocessing = 0;
			shellPath = /bin/sh;
			shellScript = "/usr/libexec/PlistBuddy -c \"Set :CFBundleVersion $TRAVIS_BUILD_NUMBER\" \"${PROJECT_DIR}/${INFOPLIST_FILE}\"\n";
		};
/* End PBXShellScriptBuildPhase section */

/* Begin PBXSourcesBuildPhase section */
		E9CAD558256D970F0009E735 /* Sources */ = {
			isa = PBXSourcesBuildPhase;
			buildActionMask = 2147483647;
			files = (
				E970605E256D981000EC3D65 /* ContentView.swift in Sources */,
				E970605D256D981000EC3D65 /* ReptiApp.swift in Sources */,
			);
			runOnlyForDeploymentPostprocessing = 0;
		};
/* End PBXSourcesBuildPhase section */

/* Begin XCBuildConfiguration section */
		E9CAD569256D97100009E735 /* Debug */ = {
			isa = XCBuildConfiguration;
			buildSettings = {
				ALWAYS_SEARCH_USER_PATHS = NO;
				CLANG_ANALYZER_NONNULL = YES;
				CLANG_ANALYZER_NUMBER_OBJECT_CONVERSION = YES_AGGRESSIVE;
				CLANG_CXX_LANGUAGE_STANDARD = "gnu++14";
				CLANG_CXX_LIBRARY = "libc++";
				CLANG_ENABLE_MODULES = YES;
				CLANG_ENABLE_OBJC_ARC = YES;
				CLANG_ENABLE_OBJC_WEAK = YES;
				CLANG_WARN_BLOCK_CAPTURE_AUTORELEASING = YES;
				CLANG_WARN_BOOL_CONVERSION = YES;
				CLANG_WARN_COMMA = YES;
				CLANG_WARN_CONSTANT_CONVERSION = YES;
				CLANG_WARN_DEPRECATED_OBJC_IMPLEMENTATIONS = YES;
				CLANG_WARN_DIRECT_OBJC_ISA_USAGE = YES_ERROR;
				CLANG_WARN_DOCUMENTATION_COMMENTS = YES;
				CLANG_WARN_EMPTY_BODY = YES;
				CLANG_WARN_ENUM_CONVERSION = YES;
				CLANG_WARN_INFINITE_RECURSION = YES;
				CLANG_WARN_INT_CONVERSION = YES;
				CLANG_WARN_NON_LITERAL_NULL_CONVERSION = YES;
				CLANG_WARN_OBJC_IMPLICIT_RETAIN_SELF = YES;
				CLANG_WARN_OBJC_LITERAL_CONVERSION = YES;
				CLANG_WARN_OBJC_ROOT_CLASS = YES_ERROR;
				CLANG_WARN_QUOTED_INCLUDE_IN_FRAMEWORK_HEADER = YES;
				CLANG_WARN_RANGE_LOOP_ANALYSIS = YES;
				CLANG_WARN_STRICT_PROTOTYPES = YES;
				CLANG_WARN_SUSPICIOUS_MOVE = YES;
				CLANG_WARN_UNGUARDED_AVAILABILITY = YES_AGGRESSIVE;
				CLANG_WARN_UNREACHABLE_CODE = YES;
				CLANG_WARN__DUPLICATE_METHOD_MATCH = YES;
				COPY_PHASE_STRIP = NO;
				DEBUG_INFORMATION_FORMAT = dwarf;
				ENABLE_STRICT_OBJC_MSGSEND = YES;
				ENABLE_TESTABILITY = YES;
				GCC_C_LANGUAGE_STANDARD = gnu11;
				GCC_DYNAMIC_NO_PIC = NO;
				GCC_NO_COMMON_BLOCKS = YES;
				GCC_OPTIMIZATION_LEVEL = 0;
				GCC_PREPROCESSOR_DEFINITIONS = (
					"DEBUG=1",
					"$(inherited)",
				);
				GCC_WARN_64_TO_32_BIT_CONVERSION = YES;
				GCC_WARN_ABOUT_RETURN_TYPE = YES_ERROR;
				GCC_WARN_UNDECLARED_SELECTOR = YES;
				GCC_WARN_UNINITIALIZED_AUTOS = YES_AGGRESSIVE;
				GCC_WARN_UNUSED_FUNCTION = YES;
				GCC_WARN_UNUSED_VARIABLE = YES;
				IPHONEOS_DEPLOYMENT_TARGET = 14.2;
				MTL_ENABLE_DEBUG_INFO = INCLUDE_SOURCE;
				MTL_FAST_MATH = YES;
				ONLY_ACTIVE_ARCH = YES;
				SDKROOT = iphoneos;
				SWIFT_ACTIVE_COMPILATION_CONDITIONS = DEBUG;
				SWIFT_OPTIMIZATION_LEVEL = "-Onone";
			};
			name = Debug;
		};
		E9CAD56A256D97100009E735 /* Release */ = {
			isa = XCBuildConfiguration;
			buildSettings = {
				ALWAYS_SEARCH_USER_PATHS = NO;
				CLANG_ANALYZER_NONNULL = YES;
				CLANG_ANALYZER_NUMBER_OBJECT_CONVERSION = YES_AGGRESSIVE;
				CLANG_CXX_LANGUAGE_STANDARD = "gnu++14";
				CLANG_CXX_LIBRARY = "libc++";
				CLANG_ENABLE_MODULES = YES;
				CLANG_ENABLE_OBJC_ARC = YES;
				CLANG_ENABLE_OBJC_WEAK = YES;
				CLANG_WARN_BLOCK_CAPTURE_AUTORELEASING = YES;
				CLANG_WARN_BOOL_CONVERSION = YES;
				CLANG_WARN_COMMA = YES;
				CLANG_WARN_CONSTANT_CONVERSION = YES;
				CLANG_WARN_DEPRECATED_OBJC_IMPLEMENTATIONS = YES;
				CLANG_WARN_DIRECT_OBJC_ISA_USAGE = YES_ERROR;
				CLANG_WARN_DOCUMENTATION_COMMENTS = YES;
				CLANG_WARN_EMPTY_BODY = YES;
				CLANG_WARN_ENUM_CONVERSION = YES;
				CLANG_WARN_INFINITE_RECURSION = YES;
				CLANG_WARN_INT_CONVERSION = YES;
				CLANG_WARN_NON_LITERAL_NULL_CONVERSION = YES;
				CLANG_WARN_OBJC_IMPLICIT_RETAIN_SELF = YES;
				CLANG_WARN_OBJC_LITERAL_CONVERSION = YES;
				CLANG_WARN_OBJC_ROOT_CLASS = YES_ERROR;
				CLANG_WARN_QUOTED_INCLUDE_IN_FRAMEWORK_HEADER = YES;
				CLANG_WARN_RANGE_LOOP_ANALYSIS = YES;
				CLANG_WARN_STRICT_PROTOTYPES = YES;
				CLANG_WARN_SUSPICIOUS_MOVE = YES;
				CLANG_WARN_UNGUARDED_AVAILABILITY = YES_AGGRESSIVE;
				CLANG_WARN_UNREACHABLE_CODE = YES;
				CLANG_WARN__DUPLICATE_METHOD_MATCH = YES;
				COPY_PHASE_STRIP = NO;
				DEBUG_INFORMATION_FORMAT = "dwarf-with-dsym";
				ENABLE_NS_ASSERTIONS = NO;
				ENABLE_STRICT_OBJC_MSGSEND = YES;
				GCC_C_LANGUAGE_STANDARD = gnu11;
				GCC_NO_COMMON_BLOCKS = YES;
				GCC_WARN_64_TO_32_BIT_CONVERSION = YES;
				GCC_WARN_ABOUT_RETURN_TYPE = YES_ERROR;
				GCC_WARN_UNDECLARED_SELECTOR = YES;
				GCC_WARN_UNINITIALIZED_AUTOS = YES_AGGRESSIVE;
				GCC_WARN_UNUSED_FUNCTION = YES;
				GCC_WARN_UNUSED_VARIABLE = YES;
				IPHONEOS_DEPLOYMENT_TARGET = 14.2;
				MTL_ENABLE_DEBUG_INFO = NO;
				MTL_FAST_MATH = YES;
				SDKROOT = iphoneos;
				SWIFT_COMPILATION_MODE = wholemodule;
				SWIFT_OPTIMIZATION_LEVEL = "-O";
				VALIDATE_PRODUCT = YES;
			};
			name = Release;
		};
		E9CAD56C256D97100009E735 /* Debug */ = {
			isa = XCBuildConfiguration;
			buildSettings = {
				ASSETCATALOG_COMPILER_APPICON_NAME = AppIcon;
				ASSETCATALOG_COMPILER_GLOBAL_ACCENT_COLOR_NAME = AccentColor;
				CODE_SIGN_ENTITLEMENTS = repti/repti.entitlements;
				CODE_SIGN_STYLE = Automatic;
				DEVELOPMENT_ASSET_PATHS = "\"repti/Preview Content\"";
				DEVELOPMENT_TEAM = GQE994U6EG;
				ENABLE_PREVIEWS = YES;
				INFOPLIST_FILE = repti/Info.plist;
				IPHONEOS_DEPLOYMENT_TARGET = 14.0;
				LD_RUNPATH_SEARCH_PATHS = (
					"$(inherited)",
					"@executable_path/Frameworks",
				);
				MARKETING_VERSION = 1;
				PRODUCT_BUNDLE_IDENTIFIER = de.meandmymac.universal.repti;
				PRODUCT_NAME = "$(TARGET_NAME)";
				SUPPORTS_MACCATALYST = YES;
				SWIFT_VERSION = 5.0;
				TARGETED_DEVICE_FAMILY = "1,2";
			};
			name = Debug;
		};
		E9CAD56D256D97100009E735 /* Release */ = {
			isa = XCBuildConfiguration;
			buildSettings = {
				ASSETCATALOG_COMPILER_APPICON_NAME = AppIcon;
				ASSETCATALOG_COMPILER_GLOBAL_ACCENT_COLOR_NAME = AccentColor;
				CODE_SIGN_ENTITLEMENTS = repti/repti.entitlements;
				CODE_SIGN_STYLE = Automatic;
				DEVELOPMENT_ASSET_PATHS = "\"repti/Preview Content\"";
				DEVELOPMENT_TEAM = GQE994U6EG;
				ENABLE_PREVIEWS = YES;
				INFOPLIST_FILE = repti/Info.plist;
				IPHONEOS_DEPLOYMENT_TARGET = 14.0;
				LD_RUNPATH_SEARCH_PATHS = (
					"$(inherited)",
					"@executable_path/Frameworks",
				);
				MARKETING_VERSION = 1;
				PRODUCT_BUNDLE_IDENTIFIER = de.meandmymac.universal.repti;
				PRODUCT_NAME = "$(TARGET_NAME)";
				SUPPORTS_MACCATALYST = YES;
				SWIFT_VERSION = 5.0;
				TARGETED_DEVICE_FAMILY = "1,2";
			};
			name = Release;
		};
/* End XCBuildConfiguration section */

/* Begin XCConfigurationList section */
		E9CAD557256D970F0009E735 /* Build configuration list for PBXProject "repti" */ = {
			isa = XCConfigurationList;
			buildConfigurations = (
				E9CAD569256D97100009E735 /* Debug */,
				E9CAD56A256D97100009E735 /* Release */,
			);
			defaultConfigurationIsVisible = 0;
			defaultConfigurationName = Release;
		};
		E9CAD56B256D97100009E735 /* Build configuration list for PBXNativeTarget "repti" */ = {
			isa = XCConfigurationList;
			buildConfigurations = (
				E9CAD56C256D97100009E735 /* Debug */,
				E9CAD56D256D97100009E735 /* Release */,
			);
			defaultConfigurationIsVisible = 0;
			defaultConfigurationName = Release;
		};
/* End XCConfigurationList section */
	};
	rootObject = E9CAD554256D970F0009E735 /* Project object */;
}
